PODS:
  - SDWebImage (4.4.4):
    - SDWebImage/Core (= 4.4.4)
  - SDWebImage/Core (4.4.4)
  - SVProgressHUD (2.2.5)

DEPENDENCIES:
  - SDWebImage (~> 4.0)
  - SVProgressHUD

SPEC REPOS:
  https://github.com/cocoapods/specs.git:
    - SDWebImage
    - SVProgressHUD

SPEC CHECKSUMS:
  SDWebImage: c00ec18ab25d10e5ffac109b0f78d1b4341c9691
  SVProgressHUD: 1428aafac632c1f86f62aa4243ec12008d7a51d6

PODFILE CHECKSUM: 20dbbcd0e3db1259cce1ee3251ded751d3f5abe8

COCOAPODS: 1.5.3
