// !$*UTF8*$!
{
	archiveVersion = 1;
	classes = {
	};
	objectVersion = 50;
	objects = {

/* Begin PBXBuildFile section */
		006D939E21CCA4D100429237 /* AppDelegate.swift in Sources */ = {isa = PBXBuildFile; fileRef = 006D939D21CCA4D100429237 /* AppDelegate.swift */; };
		006D93A521CCA4D300429237 /* Assets.xcassets in Resources */ = {isa = PBXBuildFile; fileRef = 006D93A421CCA4D300429237 /* Assets.xcassets */; };
		006D93A821CCA4D300429237 /* LaunchScreen.storyboard in Resources */ = {isa = PBXBuildFile; fileRef = 006D93A621CCA4D300429237 /* LaunchScreen.storyboard */; };
		00E3B27F21D0755300563BD2 /* TestVC.swift in Sources */ = {isa = PBXBuildFile; fileRef = 00E3B27E21D0755300563BD2 /* TestVC.swift */; };
		00F3F131222667AD0041D683 /* HeaderView.swift in Sources */ = {isa = PBXBuildFile; fileRef = 00F3F130222667AD0041D683 /* HeaderView.swift */; };
		00F3F133222667BC0041D683 /* HeaderView.xib in Resources */ = {isa = PBXBuildFile; fileRef = 00F3F132222667BC0041D683 /* HeaderView.xib */; };
		00F3F13622266FE00041D683 /* UIView+Extension.swift in Sources */ = {isa = PBXBuildFile; fileRef = 00F3F13522266FE00041D683 /* UIView+Extension.swift */; };
		00F3F13A222670590041D683 /* GradientLayer.swift in Sources */ = {isa = PBXBuildFile; fileRef = 00F3F139222670590041D683 /* GradientLayer.swift */; };
		00F3F13C222670A70041D683 /* UIColor+Extension.swift in Sources */ = {isa = PBXBuildFile; fileRef = 00F3F13B222670A60041D683 /* UIColor+Extension.swift */; };
		00F3F1472226756E0041D683 /* FooterCell.xib in Resources */ = {isa = PBXBuildFile; fileRef = 00F3F1452226756E0041D683 /* FooterCell.xib */; };
		00F3F1482226756E0041D683 /* FooterCell.swift in Sources */ = {isa = PBXBuildFile; fileRef = 00F3F1462226756E0041D683 /* FooterCell.swift */; };
		00F3F14A222676260041D683 /* UITableView+Extension.swift in Sources */ = {isa = PBXBuildFile; fileRef = 00F3F149222676260041D683 /* UITableView+Extension.swift */; };
/* End PBXBuildFile section */

/* Begin PBXFileReference section */
		006D939A21CCA4D100429237 /* Test.app */ = {isa = PBXFileReference; explicitFileType = wrapper.application; includeInIndex = 0; path = Test.app; sourceTree = BUILT_PRODUCTS_DIR; };
		006D939D21CCA4D100429237 /* AppDelegate.swift */ = {isa = PBXFileReference; lastKnownFileType = sourcecode.swift; path = AppDelegate.swift; sourceTree = "<group>"; };
		006D93A421CCA4D300429237 /* Assets.xcassets */ = {isa = PBXFileReference; lastKnownFileType = folder.assetcatalog; path = Assets.xcassets; sourceTree = "<group>"; };
		006D93A721CCA4D300429237 /* Base */ = {isa = PBXFileReference; lastKnownFileType = file.storyboard; name = Base; path = Base.lproj/LaunchScreen.storyboard; sourceTree = "<group>"; };
		006D93A921CCA4D300429237 /* Info.plist */ = {isa = PBXFileReference; lastKnownFileType = text.plist.xml; path = Info.plist; sourceTree = "<group>"; };
		00E3B27E21D0755300563BD2 /* TestVC.swift */ = {isa = PBXFileReference; lastKnownFileType = sourcecode.swift; path = TestVC.swift; sourceTree = "<group>"; };
		00F3F130222667AD0041D683 /* HeaderView.swift */ = {isa = PBXFileReference; lastKnownFileType = sourcecode.swift; path = HeaderView.swift; sourceTree = "<group>"; };
		00F3F132222667BC0041D683 /* HeaderView.xib */ = {isa = PBXFileReference; lastKnownFileType = file.xib; path = HeaderView.xib; sourceTree = "<group>"; };
		00F3F13522266FE00041D683 /* UIView+Extension.swift */ = {isa = PBXFileReference; fileEncoding = 4; lastKnownFileType = sourcecode.swift; path = "UIView+Extension.swift"; sourceTree = "<group>"; };
		00F3F139222670590041D683 /* GradientLayer.swift */ = {isa = PBXFileReference; fileEncoding = 4; lastKnownFileType = sourcecode.swift; path = GradientLayer.swift; sourceTree = "<group>"; };
		00F3F13B222670A60041D683 /* UIColor+Extension.swift */ = {isa = PBXFileReference; fileEncoding = 4; lastKnownFileType = sourcecode.swift; path = "UIColor+Extension.swift"; sourceTree = "<group>"; };
		00F3F1452226756E0041D683 /* FooterCell.xib */ = {isa = PBXFileReference; fileEncoding = 4; lastKnownFileType = file.xib; path = FooterCell.xib; sourceTree = "<group>"; };
		00F3F1462226756E0041D683 /* FooterCell.swift */ = {isa = PBXFileReference; fileEncoding = 4; lastKnownFileType = sourcecode.swift; path = FooterCell.swift; sourceTree = "<group>"; };
		00F3F149222676260041D683 /* UITableView+Extension.swift */ = {isa = PBXFileReference; lastKnownFileType = sourcecode.swift; path = "UITableView+Extension.swift"; sourceTree = "<group>"; };
/* End PBXFileReference section */

/* Begin PBXFrameworksBuildPhase section */
		006D939721CCA4D100429237 /* Frameworks */ = {
			isa = PBXFrameworksBuildPhase;
			buildActionMask = 2147483647;
			files = (
			);
			runOnlyForDeploymentPostprocessing = 0;
		};
/* End PBXFrameworksBuildPhase section */

/* Begin PBXGroup section */
		006D939121CCA4D100429237 = {
			isa = PBXGroup;
			children = (
				006D939C21CCA4D100429237 /* Test */,
				006D939B21CCA4D100429237 /* Products */,
			);
			sourceTree = "<group>";
		};
		006D939B21CCA4D100429237 /* Products */ = {
			isa = PBXGroup;
			children = (
				006D939A21CCA4D100429237 /* Test.app */,
			);
			name = Products;
			sourceTree = "<group>";
		};
		006D939C21CCA4D100429237 /* Test */ = {
			isa = PBXGroup;
			children = (
				00F3F137222670380041D683 /* Libraries */,
				00E3B28C21D07E6B00563BD2 /* ViewControllers */,
				006D939D21CCA4D100429237 /* AppDelegate.swift */,
				006D93A421CCA4D300429237 /* Assets.xcassets */,
				006D93A621CCA4D300429237 /* LaunchScreen.storyboard */,
				006D93A921CCA4D300429237 /* Info.plist */,
			);
			path = Test;
			sourceTree = "<group>";
		};
		00E3B28C21D07E6B00563BD2 /* ViewControllers */ = {
			isa = PBXGroup;
			children = (
				00F3F1442226756E0041D683 /* Cell */,
				00F3F12F2226678C0041D683 /* HeaderView */,
				00E3B27E21D0755300563BD2 /* TestVC.swift */,
			);
			path = ViewControllers;
			sourceTree = "<group>";
		};
		00F3F12F2226678C0041D683 /* HeaderView */ = {
			isa = PBXGroup;
			children = (
				00F3F130222667AD0041D683 /* HeaderView.swift */,
				00F3F132222667BC0041D683 /* HeaderView.xib */,
			);
			path = HeaderView;
			sourceTree = "<group>";
		};
		00F3F13422266FD20041D683 /* Extensions */ = {
			isa = PBXGroup;
			children = (
				00F3F13B222670A60041D683 /* UIColor+Extension.swift */,
				00F3F13522266FE00041D683 /* UIView+Extension.swift */,
				00F3F149222676260041D683 /* UITableView+Extension.swift */,
			);
			path = Extensions;
			sourceTree = "<group>";
		};
		00F3F137222670380041D683 /* Libraries */ = {
			isa = PBXGroup;
			children = (
				00F3F13422266FD20041D683 /* Extensions */,
				00F3F1382226704A0041D683 /* UI */,
			);
			path = Libraries;
			sourceTree = "<group>";
		};
		00F3F1382226704A0041D683 /* UI */ = {
			isa = PBXGroup;
			children = (
				00F3F139222670590041D683 /* GradientLayer.swift */,
			);
			path = UI;
			sourceTree = "<group>";
		};
		00F3F1442226756E0041D683 /* Cell */ = {
			isa = PBXGroup;
			children = (
				00F3F1452226756E0041D683 /* FooterCell.xib */,
				00F3F1462226756E0041D683 /* FooterCell.swift */,
			);
			path = Cell;
			sourceTree = "<group>";
		};
/* End PBXGroup section */

/* Begin PBXNativeTarget section */
		006D939921CCA4D100429237 /* Test */ = {
			isa = PBXNativeTarget;
			buildConfigurationList = 006D93AC21CCA4D300429237 /* Build configuration list for PBXNativeTarget "Test" */;
			buildPhases = (
				006D939621CCA4D100429237 /* Sources */,
				006D939721CCA4D100429237 /* Frameworks */,
				006D939821CCA4D100429237 /* Resources */,
			);
			buildRules = (
			);
			dependencies = (
			);
			name = Test;
			productName = Test;
			productReference = 006D939A21CCA4D100429237 /* Test.app */;
			productType = "com.apple.product-type.application";
		};
/* End PBXNativeTarget section */

/* Begin PBXProject section */
		006D939221CCA4D100429237 /* Project object */ = {
			isa = PBXProject;
			attributes = {
				LastSwiftUpdateCheck = 1010;
				LastUpgradeCheck = 1010;
				ORGANIZATIONNAME = huongpv;
				TargetAttributes = {
					006D939921CCA4D100429237 = {
						CreatedOnToolsVersion = 10.1;
					};
				};
			};
			buildConfigurationList = 006D939521CCA4D100429237 /* Build configuration list for PBXProject "Test" */;
			compatibilityVersion = "Xcode 9.3";
			developmentRegion = en;
			hasScannedForEncodings = 0;
			knownRegions = (
				en,
				Base,
			);
			mainGroup = 006D939121CCA4D100429237;
			productRefGroup = 006D939B21CCA4D100429237 /* Products */;
			projectDirPath = "";
			projectRoot = "";
			targets = (
				006D939921CCA4D100429237 /* Test */,
			);
		};
/* End PBXProject section */

/* Begin PBXResourcesBuildPhase section */
		006D939821CCA4D100429237 /* Resources */ = {
			isa = PBXResourcesBuildPhase;
			buildActionMask = 2147483647;
			files = (
				00F3F133222667BC0041D683 /* HeaderView.xib in Resources */,
				006D93A821CCA4D300429237 /* LaunchScreen.storyboard in Resources */,
				00F3F1472226756E0041D683 /* FooterCell.xib in Resources */,
				006D93A521CCA4D300429237 /* Assets.xcassets in Resources */,
			);
			runOnlyForDeploymentPostprocessing = 0;
		};
/* End PBXResourcesBuildPhase section */

/* Begin PBXSourcesBuildPhase section */
		006D939621CCA4D100429237 /* Sources */ = {
			isa = PBXSourcesBuildPhase;
			buildActionMask = 2147483647;
			files = (
				00E3B27F21D0755300563BD2 /* TestVC.swift in Sources */,
				00F3F1482226756E0041D683 /* FooterCell.swift in Sources */,
				00F3F14A222676260041D683 /* UITableView+Extension.swift in Sources */,
				00F3F13A222670590041D683 /* GradientLayer.swift in Sources */,
				00F3F131222667AD0041D683 /* HeaderView.swift in Sources */,
				00F3F13C222670A70041D683 /* UIColor+Extension.swift in Sources */,
				00F3F13622266FE00041D683 /* UIView+Extension.swift in Sources */,
				006D939E21CCA4D100429237 /* AppDelegate.swift in Sources */,
			);
			runOnlyForDeploymentPostprocessing = 0;
		};
/* End PBXSourcesBuildPhase section */

/* Begin PBXVariantGroup section */
		006D93A621CCA4D300429237 /* LaunchScreen.storyboard */ = {
			isa = PBXVariantGroup;
			children = (
				006D93A721CCA4D300429237 /* Base */,
			);
			name = LaunchScreen.storyboard;
			sourceTree = "<group>";
		};
/* End PBXVariantGroup section */

/* Begin XCBuildConfiguration section */
		006D93AA21CCA4D300429237 /* Debug */ = {
			isa = XCBuildConfiguration;
			buildSettings = {
				ALWAYS_SEARCH_USER_PATHS = NO;
				CLANG_ANALYZER_NONNULL = YES;
				CLANG_ANALYZER_NUMBER_OBJECT_CONVERSION = YES_AGGRESSIVE;
				CLANG_CXX_LANGUAGE_STANDARD = "gnu++14";
				CLANG_CXX_LIBRARY = "libc++";
				CLANG_ENABLE_MODULES = YES;
				CLANG_ENABLE_OBJC_ARC = YES;
				CLANG_ENABLE_OBJC_WEAK = YES;
				CLANG_WARN_BLOCK_CAPTURE_AUTORELEASING = YES;
				CLANG_WARN_BOOL_CONVERSION = YES;
				CLANG_WARN_COMMA = YES;
				CLANG_WARN_CONSTANT_CONVERSION = YES;
				CLANG_WARN_DEPRECATED_OBJC_IMPLEMENTATIONS = YES;
				CLANG_WARN_DIRECT_OBJC_ISA_USAGE = YES_ERROR;
				CLANG_WARN_DOCUMENTATION_COMMENTS = YES;
				CLANG_WARN_EMPTY_BODY = YES;
				CLANG_WARN_ENUM_CONVERSION = YES;
				CLANG_WARN_INFINITE_RECURSION = YES;
				CLANG_WARN_INT_CONVERSION = YES;
				CLANG_WARN_NON_LITERAL_NULL_CONVERSION = YES;
				CLANG_WARN_OBJC_IMPLICIT_RETAIN_SELF = YES;
				CLANG_WARN_OBJC_LITERAL_CONVERSION = YES;
				CLANG_WARN_OBJC_ROOT_CLASS = YES_ERROR;
				CLANG_WARN_RANGE_LOOP_ANALYSIS = YES;
				CLANG_WARN_STRICT_PROTOTYPES = YES;
				CLANG_WARN_SUSPICIOUS_MOVE = YES;
				CLANG_WARN_UNGUARDED_AVAILABILITY = YES_AGGRESSIVE;
				CLANG_WARN_UNREACHABLE_CODE = YES;
				CLANG_WARN__DUPLICATE_METHOD_MATCH = YES;
				CODE_SIGN_IDENTITY = "iPhone Developer";
				COPY_PHASE_STRIP = NO;
				DEBUG_INFORMATION_FORMAT = dwarf;
				ENABLE_STRICT_OBJC_MSGSEND = YES;
				ENABLE_TESTABILITY = YES;
				GCC_C_LANGUAGE_STANDARD = gnu11;
				GCC_DYNAMIC_NO_PIC = NO;
				GCC_NO_COMMON_BLOCKS = YES;
				GCC_OPTIMIZATION_LEVEL = 0;
				GCC_PREPROCESSOR_DEFINITIONS = (
					"DEBUG=1",
					"$(inherited)",
				);
				GCC_WARN_64_TO_32_BIT_CONVERSION = YES;
				GCC_WARN_ABOUT_RETURN_TYPE = YES_ERROR;
				GCC_WARN_UNDECLARED_SELECTOR = YES;
				GCC_WARN_UNINITIALIZED_AUTOS = YES_AGGRESSIVE;
				GCC_WARN_UNUSED_FUNCTION = YES;
				GCC_WARN_UNUSED_VARIABLE = YES;
				IPHONEOS_DEPLOYMENT_TARGET = 12.1;
				MTL_ENABLE_DEBUG_INFO = INCLUDE_SOURCE;
				MTL_FAST_MATH = YES;
				ONLY_ACTIVE_ARCH = YES;
				SDKROOT = iphoneos;
				SWIFT_ACTIVE_COMPILATION_CONDITIONS = DEBUG;
				SWIFT_OPTIMIZATION_LEVEL = "-Onone";
			};
			name = Debug;
		};
		006D93AB21CCA4D300429237 /* Release */ = {
			isa = XCBuildConfiguration;
			buildSettings = {
				ALWAYS_SEARCH_USER_PATHS = NO;
				CLANG_ANALYZER_NONNULL = YES;
				CLANG_ANALYZER_NUMBER_OBJECT_CONVERSION = YES_AGGRESSIVE;
				CLANG_CXX_LANGUAGE_STANDARD = "gnu++14";
				CLANG_CXX_LIBRARY = "libc++";
				CLANG_ENABLE_MODULES = YES;
				CLANG_ENABLE_OBJC_ARC = YES;
				CLANG_ENABLE_OBJC_WEAK = YES;
				CLANG_WARN_BLOCK_CAPTURE_AUTORELEASING = YES;
				CLANG_WARN_BOOL_CONVERSION = YES;
				CLANG_WARN_COMMA = YES;
				CLANG_WARN_CONSTANT_CONVERSION = YES;
				CLANG_WARN_DEPRECATED_OBJC_IMPLEMENTATIONS = YES;
				CLANG_WARN_DIRECT_OBJC_ISA_USAGE = YES_ERROR;
				CLANG_WARN_DOCUMENTATION_COMMENTS = YES;
				CLANG_WARN_EMPTY_BODY = YES;
				CLANG_WARN_ENUM_CONVERSION = YES;
				CLANG_WARN_INFINITE_RECURSION = YES;
				CLANG_WARN_INT_CONVERSION = YES;
				CLANG_WARN_NON_LITERAL_NULL_CONVERSION = YES;
				CLANG_WARN_OBJC_IMPLICIT_RETAIN_SELF = YES;
				CLANG_WARN_OBJC_LITERAL_CONVERSION = YES;
				CLANG_WARN_OBJC_ROOT_CLASS = YES_ERROR;
				CLANG_WARN_RANGE_LOOP_ANALYSIS = YES;
				CLANG_WARN_STRICT_PROTOTYPES = YES;
				CLANG_WARN_SUSPICIOUS_MOVE = YES;
				CLANG_WARN_UNGUARDED_AVAILABILITY = YES_AGGRESSIVE;
				CLANG_WARN_UNREACHABLE_CODE = YES;
				CLANG_WARN__DUPLICATE_METHOD_MATCH = YES;
				CODE_SIGN_IDENTITY = "iPhone Developer";
				COPY_PHASE_STRIP = NO;
				DEBUG_INFORMATION_FORMAT = "dwarf-with-dsym";
				ENABLE_NS_ASSERTIONS = NO;
				ENABLE_STRICT_OBJC_MSGSEND = YES;
				GCC_C_LANGUAGE_STANDARD = gnu11;
				GCC_NO_COMMON_BLOCKS = YES;
				GCC_WARN_64_TO_32_BIT_CONVERSION = YES;
				GCC_WARN_ABOUT_RETURN_TYPE = YES_ERROR;
				GCC_WARN_UNDECLARED_SELECTOR = YES;
				GCC_WARN_UNINITIALIZED_AUTOS = YES_AGGRESSIVE;
				GCC_WARN_UNUSED_FUNCTION = YES;
				GCC_WARN_UNUSED_VARIABLE = YES;
				IPHONEOS_DEPLOYMENT_TARGET = 12.1;
				MTL_ENABLE_DEBUG_INFO = NO;
				MTL_FAST_MATH = YES;
				SDKROOT = iphoneos;
				SWIFT_COMPILATION_MODE = wholemodule;
				SWIFT_OPTIMIZATION_LEVEL = "-O";
				VALIDATE_PRODUCT = YES;
			};
			name = Release;
		};
		006D93AD21CCA4D300429237 /* Debug */ = {
			isa = XCBuildConfiguration;
			buildSettings = {
				ASSETCATALOG_COMPILER_APPICON_NAME = AppIcon;
				CODE_SIGN_STYLE = Automatic;
				DEVELOPMENT_TEAM = YFP2J638B2;
				INFOPLIST_FILE = Test/Info.plist;
				LD_RUNPATH_SEARCH_PATHS = (
					"$(inherited)",
					"@executable_path/Frameworks",
				);
				PRODUCT_BUNDLE_IDENTIFIER = DHCN.Test;
				PRODUCT_NAME = "$(TARGET_NAME)";
				SWIFT_VERSION = 4.2;
				TARGETED_DEVICE_FAMILY = "1,2";
			};
			name = Debug;
		};
		006D93AE21CCA4D300429237 /* Release */ = {
			isa = XCBuildConfiguration;
			buildSettings = {
				ASSETCATALOG_COMPILER_APPICON_NAME = AppIcon;
				CODE_SIGN_STYLE = Automatic;
				DEVELOPMENT_TEAM = YFP2J638B2;
				INFOPLIST_FILE = Test/Info.plist;
				LD_RUNPATH_SEARCH_PATHS = (
					"$(inherited)",
					"@executable_path/Frameworks",
				);
				PRODUCT_BUNDLE_IDENTIFIER = DHCN.Test;
				PRODUCT_NAME = "$(TARGET_NAME)";
				SWIFT_VERSION = 4.2;
				TARGETED_DEVICE_FAMILY = "1,2";
			};
			name = Release;
		};
/* End XCBuildConfiguration section */

/* Begin XCConfigurationList section */
		006D939521CCA4D100429237 /* Build configuration list for PBXProject "Test" */ = {
			isa = XCConfigurationList;
			buildConfigurations = (
				006D93AA21CCA4D300429237 /* Debug */,
				006D93AB21CCA4D300429237 /* Release */,
			);
			defaultConfigurationIsVisible = 0;
			defaultConfigurationName = Release;
		};
		006D93AC21CCA4D300429237 /* Build configuration list for PBXNativeTarget "Test" */ = {
			isa = XCConfigurationList;
			buildConfigurations = (
				006D93AD21CCA4D300429237 /* Debug */,
				006D93AE21CCA4D300429237 /* Release */,
			);
			defaultConfigurationIsVisible = 0;
			defaultConfigurationName = Release;
		};
/* End XCConfigurationList section */
	};
	rootObject = 006D939221CCA4D100429237 /* Project object */;
}
