// !$*UTF8*$!
{
	archiveVersion = 1;
	classes = {
	};
	objectVersion = 51;
	objects = {

/* Begin PBXBuildFile section */
		006661C52239006500E8F6F3 /* SignUpVC.swift in Sources */ = {isa = PBXBuildFile; fileRef = 006661C32239006500E8F6F3 /* SignUpVC.swift */; };
		006661C62239006500E8F6F3 /* SignUpVC.xib in Resources */ = {isa = PBXBuildFile; fileRef = 006661C42239006500E8F6F3 /* SignUpVC.xib */; };
		006661CA2239073C00E8F6F3 /* ForgotPasswordVC.swift in Sources */ = {isa = PBXBuildFile; fileRef = 006661C82239073C00E8F6F3 /* ForgotPasswordVC.swift */; };
		006661CB2239073C00E8F6F3 /* ForgotPasswordVC.xib in Resources */ = {isa = PBXBuildFile; fileRef = 006661C92239073C00E8F6F3 /* ForgotPasswordVC.xib */; };
		006D939E21CCA4D100429237 /* AppDelegate.swift in Sources */ = {isa = PBXBuildFile; fileRef = 006D939D21CCA4D100429237 /* AppDelegate.swift */; };
		006D93A521CCA4D300429237 /* Assets.xcassets in Resources */ = {isa = PBXBuildFile; fileRef = 006D93A421CCA4D300429237 /* Assets.xcassets */; };
		006D93A821CCA4D300429237 /* LaunchScreen.storyboard in Resources */ = {isa = PBXBuildFile; fileRef = 006D93A621CCA4D300429237 /* LaunchScreen.storyboard */; };
		008FC689222E1D36006689FD /* Snapshot+Ex.swift in Sources */ = {isa = PBXBuildFile; fileRef = 008FC688222E1D36006689FD /* Snapshot+Ex.swift */; };
		008FC68B222E7D8E006689FD /* SystemBoots.swift in Sources */ = {isa = PBXBuildFile; fileRef = 008FC68A222E7D8E006689FD /* SystemBoots.swift */; };
		009311832239E78200E09A77 /* Helper.swift in Sources */ = {isa = PBXBuildFile; fileRef = 009311822239E78200E09A77 /* Helper.swift */; };
		009311852239E8AE00E09A77 /* AlertKeys.swift in Sources */ = {isa = PBXBuildFile; fileRef = 009311842239E8AE00E09A77 /* AlertKeys.swift */; };
		009311872239EE9E00E09A77 /* SignUpPresenter.swift in Sources */ = {isa = PBXBuildFile; fileRef = 009311862239EE9E00E09A77 /* SignUpPresenter.swift */; };
		009311892239FA1D00E09A77 /* ForgotPasswordPresenter.swift in Sources */ = {isa = PBXBuildFile; fileRef = 009311882239FA1D00E09A77 /* ForgotPasswordPresenter.swift */; };
		009EEE992229072700D8FB8B /* DateFormat.swift in Sources */ = {isa = PBXBuildFile; fileRef = 009EEE982229072700D8FB8B /* DateFormat.swift */; };
		00AF5D9E227A858E004C8036 /* WorkPresenter.swift in Sources */ = {isa = PBXBuildFile; fileRef = 00AF5D9D227A858E004C8036 /* WorkPresenter.swift */; };
		00AF5DA2227A8927004C8036 /* WorkCell.xib in Resources */ = {isa = PBXBuildFile; fileRef = 00AF5DA0227A8927004C8036 /* WorkCell.xib */; };
		00AF5DA3227A8927004C8036 /* WorkCell.swift in Sources */ = {isa = PBXBuildFile; fileRef = 00AF5DA1227A8927004C8036 /* WorkCell.swift */; };
		00AF5DA6227A94B1004C8036 /* Work.swift in Sources */ = {isa = PBXBuildFile; fileRef = 00AF5DA5227A94B1004C8036 /* Work.swift */; };
		00AF5DAB227A9837004C8036 /* CreateWorkVC.xib in Resources */ = {isa = PBXBuildFile; fileRef = 00AF5DA8227A9837004C8036 /* CreateWorkVC.xib */; };
		00AF5DAC227A9837004C8036 /* CreateWorkPresenter.swift in Sources */ = {isa = PBXBuildFile; fileRef = 00AF5DA9227A9837004C8036 /* CreateWorkPresenter.swift */; };
		00AF5DAD227A9837004C8036 /* CreateWorkVC.swift in Sources */ = {isa = PBXBuildFile; fileRef = 00AF5DAA227A9837004C8036 /* CreateWorkVC.swift */; };
		00CF66982227912B00C8FC27 /* Diary.swift in Sources */ = {isa = PBXBuildFile; fileRef = 00CF66972227912B00C8FC27 /* Diary.swift */; };
		00CF669A2227C53D00C8FC27 /* Date+Extension.swift in Sources */ = {isa = PBXBuildFile; fileRef = 00CF66992227C53D00C8FC27 /* Date+Extension.swift */; };
		00CF669C2227C59D00C8FC27 /* String+Extension.swift in Sources */ = {isa = PBXBuildFile; fileRef = 00CF669B2227C59C00C8FC27 /* String+Extension.swift */; };
		00CF66A42227DA2C00C8FC27 /* DiaryService.swift in Sources */ = {isa = PBXBuildFile; fileRef = 00CF66A32227DA2C00C8FC27 /* DiaryService.swift */; };
		00CF66A62227DAEE00C8FC27 /* DiaryPresenter.swift in Sources */ = {isa = PBXBuildFile; fileRef = 00CF66A52227DAEE00C8FC27 /* DiaryPresenter.swift */; };
		00CF66A92227DF9100C8FC27 /* IndicatorViewer.swift in Sources */ = {isa = PBXBuildFile; fileRef = 00CF66A82227DF9100C8FC27 /* IndicatorViewer.swift */; };
		00CF66AE2227E6C500C8FC27 /* Localizable.strings in Resources */ = {isa = PBXBuildFile; fileRef = 00CF66B02227E6C500C8FC27 /* Localizable.strings */; };
		00D13FBF2238987D009B77B7 /* FirstVC.swift in Sources */ = {isa = PBXBuildFile; fileRef = 00D13FBD2238987D009B77B7 /* FirstVC.swift */; };
		00D13FC02238987D009B77B7 /* FirstVC.xib in Resources */ = {isa = PBXBuildFile; fileRef = 00D13FBE2238987D009B77B7 /* FirstVC.xib */; };
		00E3B27F21D0755300563BD2 /* DiaryVC.swift in Sources */ = {isa = PBXBuildFile; fileRef = 00E3B27E21D0755300563BD2 /* DiaryVC.swift */; };
		00F0D0E52228D21C007D7A23 /* Date+FacebookTimeAgo+Ex.swift in Sources */ = {isa = PBXBuildFile; fileRef = 00F0D0E42228D21C007D7A23 /* Date+FacebookTimeAgo+Ex.swift */; };
		00F3F13622266FE00041D683 /* UIView+Extension.swift in Sources */ = {isa = PBXBuildFile; fileRef = 00F3F13522266FE00041D683 /* UIView+Extension.swift */; };
		00F3F13A222670590041D683 /* GradientLayer.swift in Sources */ = {isa = PBXBuildFile; fileRef = 00F3F139222670590041D683 /* GradientLayer.swift */; };
		00F3F13C222670A70041D683 /* UIColor+Extension.swift in Sources */ = {isa = PBXBuildFile; fileRef = 00F3F13B222670A60041D683 /* UIColor+Extension.swift */; };
		00F3F14A222676260041D683 /* UITableView+Extension.swift in Sources */ = {isa = PBXBuildFile; fileRef = 00F3F149222676260041D683 /* UITableView+Extension.swift */; };
		00F3F15722269C180041D683 /* DiaryCell.swift in Sources */ = {isa = PBXBuildFile; fileRef = 00F3F15522269C180041D683 /* DiaryCell.swift */; };
		00F3F15822269C180041D683 /* DiaryCell.xib in Resources */ = {isa = PBXBuildFile; fileRef = 00F3F15622269C180041D683 /* DiaryCell.xib */; };
		DC36C5177BFD35B377DDD460 /* Pods_Test.framework in Frameworks */ = {isa = PBXBuildFile; fileRef = 3BD4709B942494970674114D /* Pods_Test.framework */; };
		FA0B3DF122297A4F009CB984 /* TabbarVC.swift in Sources */ = {isa = PBXBuildFile; fileRef = FA0B3DF022297A4F009CB984 /* TabbarVC.swift */; };
		FA0B3DF722297ADA009CB984 /* VCService.swift in Sources */ = {isa = PBXBuildFile; fileRef = FA0B3DF622297ADA009CB984 /* VCService.swift */; };
		FA0B3DF922297B5D009CB984 /* UIViewController+Ex.swift in Sources */ = {isa = PBXBuildFile; fileRef = FA0B3DF822297B5D009CB984 /* UIViewController+Ex.swift */; };
		FA3A166F223527B700CD7738 /* FontVC.swift in Sources */ = {isa = PBXBuildFile; fileRef = FA3A166D223527B700CD7738 /* FontVC.swift */; };
		FA3A1674223527F400CD7738 /* FontCell.swift in Sources */ = {isa = PBXBuildFile; fileRef = FA3A1672223527F400CD7738 /* FontCell.swift */; };
		FA3A1675223527F400CD7738 /* FontCell.xib in Resources */ = {isa = PBXBuildFile; fileRef = FA3A1673223527F400CD7738 /* FontCell.xib */; };
		FA3A1678223537FA00CD7738 /* Pacifico.ttf in Resources */ = {isa = PBXBuildFile; fileRef = FA3A1677223537F900CD7738 /* Pacifico.ttf */; };
		FA3A167A2235380600CD7738 /* Sofia-Regular.otf in Resources */ = {isa = PBXBuildFile; fileRef = FA3A16792235380600CD7738 /* Sofia-Regular.otf */; };
		FA3A16852235444800CD7738 /* MyPageCell.xib in Resources */ = {isa = PBXBuildFile; fileRef = FA3A167C2235444700CD7738 /* MyPageCell.xib */; };
		FA3A16862235444800CD7738 /* MyPageCell.swift in Sources */ = {isa = PBXBuildFile; fileRef = FA3A167D2235444700CD7738 /* MyPageCell.swift */; };
		FA3A16872235444800CD7738 /* HeaderView.xib in Resources */ = {isa = PBXBuildFile; fileRef = FA3A167F2235444700CD7738 /* HeaderView.xib */; };
		FA3A16882235444800CD7738 /* HeaderView.swift in Sources */ = {isa = PBXBuildFile; fileRef = FA3A16802235444700CD7738 /* HeaderView.swift */; };
		FA3A16892235444800CD7738 /* MyPageVC.swift in Sources */ = {isa = PBXBuildFile; fileRef = FA3A16812235444700CD7738 /* MyPageVC.swift */; };
		FA3A168A2235444800CD7738 /* FooterView.swift in Sources */ = {isa = PBXBuildFile; fileRef = FA3A16832235444800CD7738 /* FooterView.swift */; };
		FA3A168B2235444800CD7738 /* FooterView.xib in Resources */ = {isa = PBXBuildFile; fileRef = FA3A16842235444800CD7738 /* FooterView.xib */; };
		FA43CDE9222A299E00542E94 /* CreateDiaryVC.swift in Sources */ = {isa = PBXBuildFile; fileRef = FA43CDE7222A299E00542E94 /* CreateDiaryVC.swift */; };
		FA43CDEA222A299E00542E94 /* CreateDiaryVC.xib in Resources */ = {isa = PBXBuildFile; fileRef = FA43CDE8222A299E00542E94 /* CreateDiaryVC.xib */; };
		FA43CDF5222A43AA00542E94 /* PickerViewer.swift in Sources */ = {isa = PBXBuildFile; fileRef = FA43CDEE222A43AA00542E94 /* PickerViewer.swift */; };
		FA43CDF6222A43AA00542E94 /* BasePicker.swift in Sources */ = {isa = PBXBuildFile; fileRef = FA43CDF0222A43AA00542E94 /* BasePicker.swift */; };
		FA43CDF7222A43AA00542E94 /* TextPicker.swift in Sources */ = {isa = PBXBuildFile; fileRef = FA43CDF1222A43AA00542E94 /* TextPicker.swift */; };
		FA43CDF8222A43AA00542E94 /* DateTimePicker.xib in Resources */ = {isa = PBXBuildFile; fileRef = FA43CDF2222A43AA00542E94 /* DateTimePicker.xib */; };
		FA43CDF9222A43AA00542E94 /* TextPicker.xib in Resources */ = {isa = PBXBuildFile; fileRef = FA43CDF3222A43AA00542E94 /* TextPicker.xib */; };
		FA43CDFA222A43AA00542E94 /* DateTimePicker.swift in Sources */ = {isa = PBXBuildFile; fileRef = FA43CDF4222A43AA00542E94 /* DateTimePicker.swift */; };
		FA43CDFE222A445E00542E94 /* RetryHandler.swift in Sources */ = {isa = PBXBuildFile; fileRef = FA43CDFB222A445E00542E94 /* RetryHandler.swift */; };
		FA43CDFF222A445E00542E94 /* AutoLayoutHelper.swift in Sources */ = {isa = PBXBuildFile; fileRef = FA43CDFC222A445E00542E94 /* AutoLayoutHelper.swift */; };
		FA43CE02222A4F7C00542E94 /* CreateDiaryPresenter.swift in Sources */ = {isa = PBXBuildFile; fileRef = FA43CE01222A4F7C00542E94 /* CreateDiaryPresenter.swift */; };
		FA43CE04222ACEB900542E94 /* GoogleService-Info.plist in Resources */ = {isa = PBXBuildFile; fileRef = FA43CE03222ACEB900542E94 /* GoogleService-Info.plist */; };
		FA4E98942229834600DFE911 /* LoginVC.swift in Sources */ = {isa = PBXBuildFile; fileRef = FA4E98922229834600DFE911 /* LoginVC.swift */; };
		FA4E98952229834600DFE911 /* LoginVC.xib in Resources */ = {isa = PBXBuildFile; fileRef = FA4E98932229834600DFE911 /* LoginVC.xib */; };
		FA4E9899222985E100DFE911 /* WorkVC.swift in Sources */ = {isa = PBXBuildFile; fileRef = FA4E9897222985E100DFE911 /* WorkVC.swift */; };
		FA905CAB222A15EC002A3FE9 /* Model.xcdatamodeld in Sources */ = {isa = PBXBuildFile; fileRef = FA905CA9222A15EC002A3FE9 /* Model.xcdatamodeld */; };
		FA905CAD222A17B9002A3FE9 /* CoreDataManager.swift in Sources */ = {isa = PBXBuildFile; fileRef = FA905CAC222A17B9002A3FE9 /* CoreDataManager.swift */; };
		FA9B68272226CF0300D9387C /* CAGradientLayer+Extension.swift in Sources */ = {isa = PBXBuildFile; fileRef = FA9B68262226CF0300D9387C /* CAGradientLayer+Extension.swift */; };
		FA9B68292226D05500D9387C /* UINavigationBar+Extension.swift in Sources */ = {isa = PBXBuildFile; fileRef = FA9B68282226D05500D9387C /* UINavigationBar+Extension.swift */; };
		FAA861832234C41C00D8A3D4 /* RemoteNoti.swift in Sources */ = {isa = PBXBuildFile; fileRef = FAA861822234C41C00D8A3D4 /* RemoteNoti.swift */; };
		FAAFDF692234AE5200060256 /* NotificationService.swift in Sources */ = {isa = PBXBuildFile; fileRef = FAAFDF682234AE5200060256 /* NotificationService.swift */; };
		FABF40A9223697AB000C2171 /* BackGroundImageCell.swift in Sources */ = {isa = PBXBuildFile; fileRef = FABF40A7223697AB000C2171 /* BackGroundImageCell.swift */; };
		FABF40AA223697AB000C2171 /* BackGroundImageCell.xib in Resources */ = {isa = PBXBuildFile; fileRef = FABF40A8223697AB000C2171 /* BackGroundImageCell.xib */; };
		FABF40AC2236987B000C2171 /* UICollectionView+Ex.swift in Sources */ = {isa = PBXBuildFile; fileRef = FABF40AB2236987B000C2171 /* UICollectionView+Ex.swift */; };
		FABF40CF2236A413000C2171 /* BackGroundImageVC.swift in Sources */ = {isa = PBXBuildFile; fileRef = FABF40CD2236A413000C2171 /* BackGroundImageVC.swift */; };
		FAC85AFA222EC5C700A16665 /* MyPagePresenter.swift in Sources */ = {isa = PBXBuildFile; fileRef = FAC85AF9222EC5C700A16665 /* MyPagePresenter.swift */; };
		FAC85AFC222ECA6B00A16665 /* BaseProtocol.swift in Sources */ = {isa = PBXBuildFile; fileRef = FAC85AFB222ECA6B00A16665 /* BaseProtocol.swift */; };
		FAC85AFE222ECB2D00A16665 /* BaseVC.swift in Sources */ = {isa = PBXBuildFile; fileRef = FAC85AFD222ECB2D00A16665 /* BaseVC.swift */; };
		FAF5CF0F222BF29400E2CE34 /* UIAlertController+Extension.swift in Sources */ = {isa = PBXBuildFile; fileRef = FAF5CF0E222BF29400E2CE34 /* UIAlertController+Extension.swift */; };
		FAF5CF12222C34F800E2CE34 /* SharedData.swift in Sources */ = {isa = PBXBuildFile; fileRef = FAF5CF11222C34F800E2CE34 /* SharedData.swift */; };
		FAF5CF14222C379600E2CE34 /* LoginPresneter.swift in Sources */ = {isa = PBXBuildFile; fileRef = FAF5CF13222C379600E2CE34 /* LoginPresneter.swift */; };
/* End PBXBuildFile section */

/* Begin PBXFileReference section */
		006661C32239006500E8F6F3 /* SignUpVC.swift */ = {isa = PBXFileReference; lastKnownFileType = sourcecode.swift; path = SignUpVC.swift; sourceTree = "<group>"; };
		006661C42239006500E8F6F3 /* SignUpVC.xib */ = {isa = PBXFileReference; lastKnownFileType = file.xib; path = SignUpVC.xib; sourceTree = "<group>"; };
		006661C82239073C00E8F6F3 /* ForgotPasswordVC.swift */ = {isa = PBXFileReference; lastKnownFileType = sourcecode.swift; path = ForgotPasswordVC.swift; sourceTree = "<group>"; };
		006661C92239073C00E8F6F3 /* ForgotPasswordVC.xib */ = {isa = PBXFileReference; lastKnownFileType = file.xib; path = ForgotPasswordVC.xib; sourceTree = "<group>"; };
		006D939A21CCA4D100429237 /* Test.app */ = {isa = PBXFileReference; explicitFileType = wrapper.application; includeInIndex = 0; path = Test.app; sourceTree = BUILT_PRODUCTS_DIR; };
		006D939D21CCA4D100429237 /* AppDelegate.swift */ = {isa = PBXFileReference; lastKnownFileType = sourcecode.swift; path = AppDelegate.swift; sourceTree = "<group>"; };
		006D93A421CCA4D300429237 /* Assets.xcassets */ = {isa = PBXFileReference; lastKnownFileType = folder.assetcatalog; path = Assets.xcassets; sourceTree = "<group>"; };
		006D93A721CCA4D300429237 /* Base */ = {isa = PBXFileReference; lastKnownFileType = file.storyboard; name = Base; path = Base.lproj/LaunchScreen.storyboard; sourceTree = "<group>"; };
		006D93A921CCA4D300429237 /* Info.plist */ = {isa = PBXFileReference; lastKnownFileType = text.plist.xml; path = Info.plist; sourceTree = "<group>"; };
		008FC688222E1D36006689FD /* Snapshot+Ex.swift */ = {isa = PBXFileReference; lastKnownFileType = sourcecode.swift; path = "Snapshot+Ex.swift"; sourceTree = "<group>"; };
		008FC68A222E7D8E006689FD /* SystemBoots.swift */ = {isa = PBXFileReference; fileEncoding = 4; lastKnownFileType = sourcecode.swift; path = SystemBoots.swift; sourceTree = "<group>"; };
		009311822239E78200E09A77 /* Helper.swift */ = {isa = PBXFileReference; lastKnownFileType = sourcecode.swift; path = Helper.swift; sourceTree = "<group>"; };
		009311842239E8AE00E09A77 /* AlertKeys.swift */ = {isa = PBXFileReference; lastKnownFileType = sourcecode.swift; path = AlertKeys.swift; sourceTree = "<group>"; };
		009311862239EE9E00E09A77 /* SignUpPresenter.swift */ = {isa = PBXFileReference; lastKnownFileType = sourcecode.swift; path = SignUpPresenter.swift; sourceTree = "<group>"; };
		009311882239FA1D00E09A77 /* ForgotPasswordPresenter.swift */ = {isa = PBXFileReference; lastKnownFileType = sourcecode.swift; path = ForgotPasswordPresenter.swift; sourceTree = "<group>"; };
		00980EA02230F96C00DC1D1C /* Test.entitlements */ = {isa = PBXFileReference; lastKnownFileType = text.plist.entitlements; path = Test.entitlements; sourceTree = "<group>"; };
		009EEE982229072700D8FB8B /* DateFormat.swift */ = {isa = PBXFileReference; lastKnownFileType = sourcecode.swift; path = DateFormat.swift; sourceTree = "<group>"; };
		00AF5D9D227A858E004C8036 /* WorkPresenter.swift */ = {isa = PBXFileReference; lastKnownFileType = sourcecode.swift; path = WorkPresenter.swift; sourceTree = "<group>"; };
		00AF5DA0227A8927004C8036 /* WorkCell.xib */ = {isa = PBXFileReference; fileEncoding = 4; lastKnownFileType = file.xib; path = WorkCell.xib; sourceTree = "<group>"; };
		00AF5DA1227A8927004C8036 /* WorkCell.swift */ = {isa = PBXFileReference; fileEncoding = 4; lastKnownFileType = sourcecode.swift; path = WorkCell.swift; sourceTree = "<group>"; };
		00AF5DA5227A94B1004C8036 /* Work.swift */ = {isa = PBXFileReference; lastKnownFileType = sourcecode.swift; path = Work.swift; sourceTree = "<group>"; };
		00AF5DA8227A9837004C8036 /* CreateWorkVC.xib */ = {isa = PBXFileReference; fileEncoding = 4; lastKnownFileType = file.xib; path = CreateWorkVC.xib; sourceTree = "<group>"; };
		00AF5DA9227A9837004C8036 /* CreateWorkPresenter.swift */ = {isa = PBXFileReference; fileEncoding = 4; lastKnownFileType = sourcecode.swift; path = CreateWorkPresenter.swift; sourceTree = "<group>"; };
		00AF5DAA227A9837004C8036 /* CreateWorkVC.swift */ = {isa = PBXFileReference; fileEncoding = 4; lastKnownFileType = sourcecode.swift; path = CreateWorkVC.swift; sourceTree = "<group>"; };
		00CF66972227912B00C8FC27 /* Diary.swift */ = {isa = PBXFileReference; lastKnownFileType = sourcecode.swift; path = Diary.swift; sourceTree = "<group>"; };
		00CF66992227C53D00C8FC27 /* Date+Extension.swift */ = {isa = PBXFileReference; fileEncoding = 4; lastKnownFileType = sourcecode.swift; path = "Date+Extension.swift"; sourceTree = "<group>"; };
		00CF669B2227C59C00C8FC27 /* String+Extension.swift */ = {isa = PBXFileReference; fileEncoding = 4; lastKnownFileType = sourcecode.swift; path = "String+Extension.swift"; sourceTree = "<group>"; };
		00CF66A32227DA2C00C8FC27 /* DiaryService.swift */ = {isa = PBXFileReference; lastKnownFileType = sourcecode.swift; path = DiaryService.swift; sourceTree = "<group>"; };
		00CF66A52227DAEE00C8FC27 /* DiaryPresenter.swift */ = {isa = PBXFileReference; lastKnownFileType = sourcecode.swift; path = DiaryPresenter.swift; sourceTree = "<group>"; };
		00CF66A82227DF9100C8FC27 /* IndicatorViewer.swift */ = {isa = PBXFileReference; fileEncoding = 4; lastKnownFileType = sourcecode.swift; path = IndicatorViewer.swift; sourceTree = "<group>"; };
		00CF66AF2227E6C500C8FC27 /* en */ = {isa = PBXFileReference; lastKnownFileType = text.plist.strings; name = en; path = en.lproj/Localizable.strings; sourceTree = "<group>"; };
		00CF66B12227E73A00C8FC27 /* vi */ = {isa = PBXFileReference; lastKnownFileType = text.plist.strings; name = vi; path = vi.lproj/LaunchScreen.strings; sourceTree = "<group>"; };
		00CF66B22227E73A00C8FC27 /* vi */ = {isa = PBXFileReference; lastKnownFileType = text.plist.strings; name = vi; path = vi.lproj/Localizable.strings; sourceTree = "<group>"; };
		00CF66B32227EA9800C8FC27 /* ja */ = {isa = PBXFileReference; lastKnownFileType = text.plist.strings; name = ja; path = ja.lproj/LaunchScreen.strings; sourceTree = "<group>"; };
		00CF66B42227EA9800C8FC27 /* ja */ = {isa = PBXFileReference; lastKnownFileType = text.plist.strings; name = ja; path = ja.lproj/Localizable.strings; sourceTree = "<group>"; };
		00D13FBD2238987D009B77B7 /* FirstVC.swift */ = {isa = PBXFileReference; lastKnownFileType = sourcecode.swift; path = FirstVC.swift; sourceTree = "<group>"; };
		00D13FBE2238987D009B77B7 /* FirstVC.xib */ = {isa = PBXFileReference; lastKnownFileType = file.xib; path = FirstVC.xib; sourceTree = "<group>"; };
		00E3B27E21D0755300563BD2 /* DiaryVC.swift */ = {isa = PBXFileReference; lastKnownFileType = sourcecode.swift; path = DiaryVC.swift; sourceTree = "<group>"; };
		00F0D0E42228D21C007D7A23 /* Date+FacebookTimeAgo+Ex.swift */ = {isa = PBXFileReference; lastKnownFileType = sourcecode.swift; path = "Date+FacebookTimeAgo+Ex.swift"; sourceTree = "<group>"; };
		00F3F13522266FE00041D683 /* UIView+Extension.swift */ = {isa = PBXFileReference; fileEncoding = 4; lastKnownFileType = sourcecode.swift; path = "UIView+Extension.swift"; sourceTree = "<group>"; };
		00F3F139222670590041D683 /* GradientLayer.swift */ = {isa = PBXFileReference; fileEncoding = 4; lastKnownFileType = sourcecode.swift; path = GradientLayer.swift; sourceTree = "<group>"; };
		00F3F13B222670A60041D683 /* UIColor+Extension.swift */ = {isa = PBXFileReference; fileEncoding = 4; lastKnownFileType = sourcecode.swift; path = "UIColor+Extension.swift"; sourceTree = "<group>"; };
		00F3F149222676260041D683 /* UITableView+Extension.swift */ = {isa = PBXFileReference; lastKnownFileType = sourcecode.swift; path = "UITableView+Extension.swift"; sourceTree = "<group>"; };
		00F3F15522269C180041D683 /* DiaryCell.swift */ = {isa = PBXFileReference; lastKnownFileType = sourcecode.swift; path = DiaryCell.swift; sourceTree = "<group>"; };
		00F3F15622269C180041D683 /* DiaryCell.xib */ = {isa = PBXFileReference; lastKnownFileType = file.xib; path = DiaryCell.xib; sourceTree = "<group>"; };
		162772D5B393EFE26ACE40B2 /* Pods-Test.debug.xcconfig */ = {isa = PBXFileReference; includeInIndex = 1; lastKnownFileType = text.xcconfig; name = "Pods-Test.debug.xcconfig"; path = "Pods/Target Support Files/Pods-Test/Pods-Test.debug.xcconfig"; sourceTree = "<group>"; };
		3BD4709B942494970674114D /* Pods_Test.framework */ = {isa = PBXFileReference; explicitFileType = wrapper.framework; includeInIndex = 0; path = Pods_Test.framework; sourceTree = BUILT_PRODUCTS_DIR; };
		FA0B3DF022297A4F009CB984 /* TabbarVC.swift */ = {isa = PBXFileReference; lastKnownFileType = sourcecode.swift; path = TabbarVC.swift; sourceTree = "<group>"; };
		FA0B3DF622297ADA009CB984 /* VCService.swift */ = {isa = PBXFileReference; fileEncoding = 4; lastKnownFileType = sourcecode.swift; path = VCService.swift; sourceTree = "<group>"; };
		FA0B3DF822297B5D009CB984 /* UIViewController+Ex.swift */ = {isa = PBXFileReference; lastKnownFileType = sourcecode.swift; path = "UIViewController+Ex.swift"; sourceTree = "<group>"; };
		FA3A166D223527B700CD7738 /* FontVC.swift */ = {isa = PBXFileReference; lastKnownFileType = sourcecode.swift; path = FontVC.swift; sourceTree = "<group>"; };
		FA3A1672223527F400CD7738 /* FontCell.swift */ = {isa = PBXFileReference; lastKnownFileType = sourcecode.swift; path = FontCell.swift; sourceTree = "<group>"; };
		FA3A1673223527F400CD7738 /* FontCell.xib */ = {isa = PBXFileReference; lastKnownFileType = file.xib; path = FontCell.xib; sourceTree = "<group>"; };
		FA3A1677223537F900CD7738 /* Pacifico.ttf */ = {isa = PBXFileReference; lastKnownFileType = file; path = Pacifico.ttf; sourceTree = "<group>"; };
		FA3A16792235380600CD7738 /* Sofia-Regular.otf */ = {isa = PBXFileReference; lastKnownFileType = file; path = "Sofia-Regular.otf"; sourceTree = "<group>"; };
		FA3A167C2235444700CD7738 /* MyPageCell.xib */ = {isa = PBXFileReference; fileEncoding = 4; lastKnownFileType = file.xib; path = MyPageCell.xib; sourceTree = "<group>"; };
		FA3A167D2235444700CD7738 /* MyPageCell.swift */ = {isa = PBXFileReference; fileEncoding = 4; lastKnownFileType = sourcecode.swift; path = MyPageCell.swift; sourceTree = "<group>"; };
		FA3A167F2235444700CD7738 /* HeaderView.xib */ = {isa = PBXFileReference; fileEncoding = 4; lastKnownFileType = file.xib; path = HeaderView.xib; sourceTree = "<group>"; };
		FA3A16802235444700CD7738 /* HeaderView.swift */ = {isa = PBXFileReference; fileEncoding = 4; lastKnownFileType = sourcecode.swift; path = HeaderView.swift; sourceTree = "<group>"; };
		FA3A16812235444700CD7738 /* MyPageVC.swift */ = {isa = PBXFileReference; fileEncoding = 4; lastKnownFileType = sourcecode.swift; path = MyPageVC.swift; sourceTree = "<group>"; };
		FA3A16832235444800CD7738 /* FooterView.swift */ = {isa = PBXFileReference; fileEncoding = 4; lastKnownFileType = sourcecode.swift; path = FooterView.swift; sourceTree = "<group>"; };
		FA3A16842235444800CD7738 /* FooterView.xib */ = {isa = PBXFileReference; fileEncoding = 4; lastKnownFileType = file.xib; path = FooterView.xib; sourceTree = "<group>"; };
		FA43CDE7222A299E00542E94 /* CreateDiaryVC.swift */ = {isa = PBXFileReference; lastKnownFileType = sourcecode.swift; path = CreateDiaryVC.swift; sourceTree = "<group>"; };
		FA43CDE8222A299E00542E94 /* CreateDiaryVC.xib */ = {isa = PBXFileReference; lastKnownFileType = file.xib; path = CreateDiaryVC.xib; sourceTree = "<group>"; };
		FA43CDEE222A43AA00542E94 /* PickerViewer.swift */ = {isa = PBXFileReference; fileEncoding = 4; lastKnownFileType = sourcecode.swift; path = PickerViewer.swift; sourceTree = "<group>"; };
		FA43CDF0222A43AA00542E94 /* BasePicker.swift */ = {isa = PBXFileReference; fileEncoding = 4; lastKnownFileType = sourcecode.swift; path = BasePicker.swift; sourceTree = "<group>"; };
		FA43CDF1222A43AA00542E94 /* TextPicker.swift */ = {isa = PBXFileReference; fileEncoding = 4; lastKnownFileType = sourcecode.swift; path = TextPicker.swift; sourceTree = "<group>"; };
		FA43CDF2222A43AA00542E94 /* DateTimePicker.xib */ = {isa = PBXFileReference; fileEncoding = 4; lastKnownFileType = file.xib; path = DateTimePicker.xib; sourceTree = "<group>"; };
		FA43CDF3222A43AA00542E94 /* TextPicker.xib */ = {isa = PBXFileReference; fileEncoding = 4; lastKnownFileType = file.xib; path = TextPicker.xib; sourceTree = "<group>"; };
		FA43CDF4222A43AA00542E94 /* DateTimePicker.swift */ = {isa = PBXFileReference; fileEncoding = 4; lastKnownFileType = sourcecode.swift; path = DateTimePicker.swift; sourceTree = "<group>"; };
		FA43CDFB222A445E00542E94 /* RetryHandler.swift */ = {isa = PBXFileReference; fileEncoding = 4; lastKnownFileType = sourcecode.swift; path = RetryHandler.swift; sourceTree = "<group>"; };
		FA43CDFC222A445E00542E94 /* AutoLayoutHelper.swift */ = {isa = PBXFileReference; fileEncoding = 4; lastKnownFileType = sourcecode.swift; path = AutoLayoutHelper.swift; sourceTree = "<group>"; };
		FA43CE01222A4F7C00542E94 /* CreateDiaryPresenter.swift */ = {isa = PBXFileReference; lastKnownFileType = sourcecode.swift; path = CreateDiaryPresenter.swift; sourceTree = "<group>"; };
		FA43CE03222ACEB900542E94 /* GoogleService-Info.plist */ = {isa = PBXFileReference; fileEncoding = 4; lastKnownFileType = text.plist.xml; path = "GoogleService-Info.plist"; sourceTree = "<group>"; };
		FA4E98922229834600DFE911 /* LoginVC.swift */ = {isa = PBXFileReference; lastKnownFileType = sourcecode.swift; path = LoginVC.swift; sourceTree = "<group>"; };
		FA4E98932229834600DFE911 /* LoginVC.xib */ = {isa = PBXFileReference; lastKnownFileType = file.xib; path = LoginVC.xib; sourceTree = "<group>"; };
		FA4E9897222985E100DFE911 /* WorkVC.swift */ = {isa = PBXFileReference; lastKnownFileType = sourcecode.swift; path = WorkVC.swift; sourceTree = "<group>"; };
		FA905CAA222A15EC002A3FE9 /* Model.xcdatamodel */ = {isa = PBXFileReference; lastKnownFileType = wrapper.xcdatamodel; path = Model.xcdatamodel; sourceTree = "<group>"; };
		FA905CAC222A17B9002A3FE9 /* CoreDataManager.swift */ = {isa = PBXFileReference; lastKnownFileType = sourcecode.swift; path = CoreDataManager.swift; sourceTree = "<group>"; };
		FA9B68262226CF0300D9387C /* CAGradientLayer+Extension.swift */ = {isa = PBXFileReference; lastKnownFileType = sourcecode.swift; path = "CAGradientLayer+Extension.swift"; sourceTree = "<group>"; };
		FA9B68282226D05500D9387C /* UINavigationBar+Extension.swift */ = {isa = PBXFileReference; lastKnownFileType = sourcecode.swift; path = "UINavigationBar+Extension.swift"; sourceTree = "<group>"; };
		FAA861822234C41C00D8A3D4 /* RemoteNoti.swift */ = {isa = PBXFileReference; lastKnownFileType = sourcecode.swift; path = RemoteNoti.swift; sourceTree = "<group>"; };
		FAAFDF682234AE5200060256 /* NotificationService.swift */ = {isa = PBXFileReference; fileEncoding = 4; lastKnownFileType = sourcecode.swift; path = NotificationService.swift; sourceTree = "<group>"; };
		FABF40A7223697AB000C2171 /* BackGroundImageCell.swift */ = {isa = PBXFileReference; lastKnownFileType = sourcecode.swift; path = BackGroundImageCell.swift; sourceTree = "<group>"; };
		FABF40A8223697AB000C2171 /* BackGroundImageCell.xib */ = {isa = PBXFileReference; lastKnownFileType = file.xib; path = BackGroundImageCell.xib; sourceTree = "<group>"; };
		FABF40AB2236987B000C2171 /* UICollectionView+Ex.swift */ = {isa = PBXFileReference; fileEncoding = 4; lastKnownFileType = sourcecode.swift; path = "UICollectionView+Ex.swift"; sourceTree = "<group>"; };
		FABF40CD2236A413000C2171 /* BackGroundImageVC.swift */ = {isa = PBXFileReference; lastKnownFileType = sourcecode.swift; path = BackGroundImageVC.swift; sourceTree = "<group>"; };
		FAC85AF9222EC5C700A16665 /* MyPagePresenter.swift */ = {isa = PBXFileReference; lastKnownFileType = sourcecode.swift; path = MyPagePresenter.swift; sourceTree = "<group>"; };
		FAC85AFB222ECA6B00A16665 /* BaseProtocol.swift */ = {isa = PBXFileReference; lastKnownFileType = sourcecode.swift; path = BaseProtocol.swift; sourceTree = "<group>"; };
		FAC85AFD222ECB2D00A16665 /* BaseVC.swift */ = {isa = PBXFileReference; lastKnownFileType = sourcecode.swift; path = BaseVC.swift; sourceTree = "<group>"; };
		FAF5CF0E222BF29400E2CE34 /* UIAlertController+Extension.swift */ = {isa = PBXFileReference; fileEncoding = 4; lastKnownFileType = sourcecode.swift; path = "UIAlertController+Extension.swift"; sourceTree = "<group>"; };
		FAF5CF11222C34F800E2CE34 /* SharedData.swift */ = {isa = PBXFileReference; fileEncoding = 4; lastKnownFileType = sourcecode.swift; path = SharedData.swift; sourceTree = "<group>"; };
		FAF5CF13222C379600E2CE34 /* LoginPresneter.swift */ = {isa = PBXFileReference; lastKnownFileType = sourcecode.swift; path = LoginPresneter.swift; sourceTree = "<group>"; };
		FC91E1A3C4C94C8B0A4CC5CC /* Pods-Test.release.xcconfig */ = {isa = PBXFileReference; includeInIndex = 1; lastKnownFileType = text.xcconfig; name = "Pods-Test.release.xcconfig"; path = "Pods/Target Support Files/Pods-Test/Pods-Test.release.xcconfig"; sourceTree = "<group>"; };
/* End PBXFileReference section */

/* Begin PBXFrameworksBuildPhase section */
		006D939721CCA4D100429237 /* Frameworks */ = {
			isa = PBXFrameworksBuildPhase;
			buildActionMask = 2147483647;
			files = (
				DC36C5177BFD35B377DDD460 /* Pods_Test.framework in Frameworks */,
			);
			runOnlyForDeploymentPostprocessing = 0;
		};
/* End PBXFrameworksBuildPhase section */

/* Begin PBXGroup section */
		006661C22239004900E8F6F3 /* SignUp */ = {
			isa = PBXGroup;
			children = (
				009311862239EE9E00E09A77 /* SignUpPresenter.swift */,
				006661C32239006500E8F6F3 /* SignUpVC.swift */,
				006661C42239006500E8F6F3 /* SignUpVC.xib */,
			);
			path = SignUp;
			sourceTree = "<group>";
		};
		006661C72239071B00E8F6F3 /* ForgotPassword */ = {
			isa = PBXGroup;
			children = (
				009311882239FA1D00E09A77 /* ForgotPasswordPresenter.swift */,
				006661C82239073C00E8F6F3 /* ForgotPasswordVC.swift */,
				006661C92239073C00E8F6F3 /* ForgotPasswordVC.xib */,
			);
			path = ForgotPassword;
			sourceTree = "<group>";
		};
		006661CC22390B0400E8F6F3 /* SignInOrSignUp */ = {
			isa = PBXGroup;
			children = (
				FA4E98912229833100DFE911 /* Login */,
				006661C72239071B00E8F6F3 /* ForgotPassword */,
				006661C22239004900E8F6F3 /* SignUp */,
			);
			path = SignInOrSignUp;
			sourceTree = "<group>";
		};
		006D939121CCA4D100429237 = {
			isa = PBXGroup;
			children = (
				006D939C21CCA4D100429237 /* Test */,
				006D939B21CCA4D100429237 /* Products */,
				0B507FF86E2A24D07D6BB053 /* Pods */,
				CDD6355341AD17512E8AF3BF /* Frameworks */,
			);
			sourceTree = "<group>";
		};
		006D939B21CCA4D100429237 /* Products */ = {
			isa = PBXGroup;
			children = (
				006D939A21CCA4D100429237 /* Test.app */,
			);
			name = Products;
			sourceTree = "<group>";
		};
		006D939C21CCA4D100429237 /* Test */ = {
			isa = PBXGroup;
			children = (
				009311812239E74000E09A77 /* Helper */,
				00980EA02230F96C00DC1D1C /* Test.entitlements */,
				FA43CE05222AEA8F00542E94 /* Networking */,
				FA0B3DF322297A8D009CB984 /* Services */,
				009EEE972229070600D8FB8B /* Constants */,
				00CF66AA2227E4E500C8FC27 /* Resources */,
				00F3F137222670380041D683 /* Libraries */,
				00CF6695222790FE00C8FC27 /* Models */,
				00E3B28C21D07E6B00563BD2 /* ViewControllers */,
				006D939D21CCA4D100429237 /* AppDelegate.swift */,
				006D93A421CCA4D300429237 /* Assets.xcassets */,
				006D93A621CCA4D300429237 /* LaunchScreen.storyboard */,
				006D93A921CCA4D300429237 /* Info.plist */,
				FA43CE03222ACEB900542E94 /* GoogleService-Info.plist */,
			);
			path = Test;
			sourceTree = "<group>";
		};
		009311812239E74000E09A77 /* Helper */ = {
			isa = PBXGroup;
			children = (
				009311822239E78200E09A77 /* Helper.swift */,
			);
			path = Helper;
			sourceTree = "<group>";
		};
		009EEE972229070600D8FB8B /* Constants */ = {
			isa = PBXGroup;
			children = (
				009EEE982229072700D8FB8B /* DateFormat.swift */,
				009311842239E8AE00E09A77 /* AlertKeys.swift */,
			);
			path = Constants;
			sourceTree = "<group>";
		};
		00AF5D9F227A8919004C8036 /* Cell */ = {
			isa = PBXGroup;
			children = (
				00AF5DA1227A8927004C8036 /* WorkCell.swift */,
				00AF5DA0227A8927004C8036 /* WorkCell.xib */,
			);
			path = Cell;
			sourceTree = "<group>";
		};
		00AF5DA4227A9497004C8036 /* Work */ = {
			isa = PBXGroup;
			children = (
				00AF5DA5227A94B1004C8036 /* Work.swift */,
			);
			path = Work;
			sourceTree = "<group>";
		};
		00AF5DA7227A9688004C8036 /* CreateWork */ = {
			isa = PBXGroup;
			children = (
				00AF5DA9227A9837004C8036 /* CreateWorkPresenter.swift */,
				00AF5DAA227A9837004C8036 /* CreateWorkVC.swift */,
				00AF5DA8227A9837004C8036 /* CreateWorkVC.xib */,
			);
			path = CreateWork;
			sourceTree = "<group>";
		};
		00CF6695222790FE00C8FC27 /* Models */ = {
			isa = PBXGroup;
			children = (
				FA905CAC222A17B9002A3FE9 /* CoreDataManager.swift */,
				FAA861812234C40800D8A3D4 /* RemoteNoti */,
				FAF5CF10222C34F800E2CE34 /* SharedData */,
				00CF66962227911000C8FC27 /* Diary */,
				00AF5DA4227A9497004C8036 /* Work */,
				FA905CA9222A15EC002A3FE9 /* Model.xcdatamodeld */,
			);
			path = Models;
			sourceTree = "<group>";
		};
		00CF66962227911000C8FC27 /* Diary */ = {
			isa = PBXGroup;
			children = (
				00CF66972227912B00C8FC27 /* Diary.swift */,
			);
			path = Diary;
			sourceTree = "<group>";
		};
		00CF66A72227DF8300C8FC27 /* Utils */ = {
			isa = PBXGroup;
			children = (
				FA43CDED222A43AA00542E94 /* Picker */,
				FA43CDFC222A445E00542E94 /* AutoLayoutHelper.swift */,
				FA43CDFB222A445E00542E94 /* RetryHandler.swift */,
				00CF66A82227DF9100C8FC27 /* IndicatorViewer.swift */,
			);
			path = Utils;
			sourceTree = "<group>";
		};
		00CF66AA2227E4E500C8FC27 /* Resources */ = {
			isa = PBXGroup;
			children = (
				FA3A16762235363B00CD7738 /* Fonts */,
				00CF66AB2227E4FC00C8FC27 /* Strings */,
			);
			path = Resources;
			sourceTree = "<group>";
		};
		00CF66AB2227E4FC00C8FC27 /* Strings */ = {
			isa = PBXGroup;
			children = (
				00CF66B02227E6C500C8FC27 /* Localizable.strings */,
			);
			path = Strings;
			sourceTree = "<group>";
		};
		00E3B28C21D07E6B00563BD2 /* ViewControllers */ = {
			isa = PBXGroup;
			children = (
				FA0B3DF022297A4F009CB984 /* TabbarVC.swift */,
				FAC85AFB222ECA6B00A16665 /* BaseProtocol.swift */,
				FAC85AFD222ECB2D00A16665 /* BaseVC.swift */,
				006661CC22390B0400E8F6F3 /* SignInOrSignUp */,
				FA4E989B2229861B00DFE911 /* MyPage */,
				FA4E9896222985CE00DFE911 /* Work */,
				FA0B3DF222297A59009CB984 /* Diary */,
			);
			path = ViewControllers;
			sourceTree = "<group>";
		};
		00F3F13422266FD20041D683 /* Extensions */ = {
			isa = PBXGroup;
			children = (
				FABF40AB2236987B000C2171 /* UICollectionView+Ex.swift */,
				00CF669B2227C59C00C8FC27 /* String+Extension.swift */,
				00CF66992227C53D00C8FC27 /* Date+Extension.swift */,
				00F0D0E42228D21C007D7A23 /* Date+FacebookTimeAgo+Ex.swift */,
				00F3F13B222670A60041D683 /* UIColor+Extension.swift */,
				00F3F13522266FE00041D683 /* UIView+Extension.swift */,
				00F3F149222676260041D683 /* UITableView+Extension.swift */,
				FA9B68262226CF0300D9387C /* CAGradientLayer+Extension.swift */,
				FA9B68282226D05500D9387C /* UINavigationBar+Extension.swift */,
				FA0B3DF822297B5D009CB984 /* UIViewController+Ex.swift */,
				FAF5CF0E222BF29400E2CE34 /* UIAlertController+Extension.swift */,
				008FC688222E1D36006689FD /* Snapshot+Ex.swift */,
			);
			path = Extensions;
			sourceTree = "<group>";
		};
		00F3F137222670380041D683 /* Libraries */ = {
			isa = PBXGroup;
			children = (
				00CF66A72227DF8300C8FC27 /* Utils */,
				00F3F13422266FD20041D683 /* Extensions */,
				00F3F1382226704A0041D683 /* UI */,
			);
			path = Libraries;
			sourceTree = "<group>";
		};
		00F3F1382226704A0041D683 /* UI */ = {
			isa = PBXGroup;
			children = (
				00F3F139222670590041D683 /* GradientLayer.swift */,
			);
			path = UI;
			sourceTree = "<group>";
		};
		00F3F1442226756E0041D683 /* Cell */ = {
			isa = PBXGroup;
			children = (
				00F3F15522269C180041D683 /* DiaryCell.swift */,
				00F3F15622269C180041D683 /* DiaryCell.xib */,
			);
			path = Cell;
			sourceTree = "<group>";
		};
		0B507FF86E2A24D07D6BB053 /* Pods */ = {
			isa = PBXGroup;
			children = (
				162772D5B393EFE26ACE40B2 /* Pods-Test.debug.xcconfig */,
				FC91E1A3C4C94C8B0A4CC5CC /* Pods-Test.release.xcconfig */,
			);
			name = Pods;
			sourceTree = "<group>";
		};
		CDD6355341AD17512E8AF3BF /* Frameworks */ = {
			isa = PBXGroup;
			children = (
				3BD4709B942494970674114D /* Pods_Test.framework */,
			);
			name = Frameworks;
			sourceTree = "<group>";
		};
		FA0B3DF222297A59009CB984 /* Diary */ = {
			isa = PBXGroup;
			children = (
				FA43CDE1222A216800542E94 /* CreateDiary */,
				00CF66A52227DAEE00C8FC27 /* DiaryPresenter.swift */,
				00E3B27E21D0755300563BD2 /* DiaryVC.swift */,
				00F3F1442226756E0041D683 /* Cell */,
			);
			path = Diary;
			sourceTree = "<group>";
		};
		FA0B3DF322297A8D009CB984 /* Services */ = {
			isa = PBXGroup;
			children = (
				FAAFDF682234AE5200060256 /* NotificationService.swift */,
				008FC68A222E7D8E006689FD /* SystemBoots.swift */,
				FA0B3DF622297ADA009CB984 /* VCService.swift */,
			);
			path = Services;
			sourceTree = "<group>";
		};
		FA3A166C2235279400CD7738 /* Font */ = {
			isa = PBXGroup;
			children = (
				FA3A1671223527D200CD7738 /* FontCell */,
				FA3A166D223527B700CD7738 /* FontVC.swift */,
			);
			path = Font;
			sourceTree = "<group>";
		};
		FA3A1671223527D200CD7738 /* FontCell */ = {
			isa = PBXGroup;
			children = (
				FA3A1672223527F400CD7738 /* FontCell.swift */,
				FA3A1673223527F400CD7738 /* FontCell.xib */,
			);
			path = FontCell;
			sourceTree = "<group>";
		};
		FA3A16762235363B00CD7738 /* Fonts */ = {
			isa = PBXGroup;
			children = (
				FA3A16792235380600CD7738 /* Sofia-Regular.otf */,
				FA3A1677223537F900CD7738 /* Pacifico.ttf */,
			);
			path = Fonts;
			sourceTree = "<group>";
		};
		FA3A167B2235444700CD7738 /* Cell */ = {
			isa = PBXGroup;
			children = (
				FA3A167C2235444700CD7738 /* MyPageCell.xib */,
				FA3A167D2235444700CD7738 /* MyPageCell.swift */,
			);
			path = Cell;
			sourceTree = "<group>";
		};
		FA3A167E2235444700CD7738 /* HeaderView */ = {
			isa = PBXGroup;
			children = (
				FA3A167F2235444700CD7738 /* HeaderView.xib */,
				FA3A16802235444700CD7738 /* HeaderView.swift */,
			);
			path = HeaderView;
			sourceTree = "<group>";
		};
		FA3A16822235444800CD7738 /* FooterView */ = {
			isa = PBXGroup;
			children = (
				FA3A16832235444800CD7738 /* FooterView.swift */,
				FA3A16842235444800CD7738 /* FooterView.xib */,
			);
			path = FooterView;
			sourceTree = "<group>";
		};
		FA43CDE1222A216800542E94 /* CreateDiary */ = {
			isa = PBXGroup;
			children = (
				FA43CE01222A4F7C00542E94 /* CreateDiaryPresenter.swift */,
				FA43CDE7222A299E00542E94 /* CreateDiaryVC.swift */,
				FA43CDE8222A299E00542E94 /* CreateDiaryVC.xib */,
			);
			path = CreateDiary;
			sourceTree = "<group>";
		};
		FA43CDED222A43AA00542E94 /* Picker */ = {
			isa = PBXGroup;
			children = (
				FA43CDEE222A43AA00542E94 /* PickerViewer.swift */,
				FA43CDEF222A43AA00542E94 /* Core */,
			);
			path = Picker;
			sourceTree = "<group>";
		};
		FA43CDEF222A43AA00542E94 /* Core */ = {
			isa = PBXGroup;
			children = (
				FA43CDF0222A43AA00542E94 /* BasePicker.swift */,
				FA43CDF1222A43AA00542E94 /* TextPicker.swift */,
				FA43CDF2222A43AA00542E94 /* DateTimePicker.xib */,
				FA43CDF3222A43AA00542E94 /* TextPicker.xib */,
				FA43CDF4222A43AA00542E94 /* DateTimePicker.swift */,
			);
			path = Core;
			sourceTree = "<group>";
		};
		FA43CE05222AEA8F00542E94 /* Networking */ = {
			isa = PBXGroup;
			children = (
				00CF66A32227DA2C00C8FC27 /* DiaryService.swift */,
			);
			path = Networking;
			sourceTree = "<group>";
		};
		FA4E98912229833100DFE911 /* Login */ = {
			isa = PBXGroup;
			children = (
				FAF5CF13222C379600E2CE34 /* LoginPresneter.swift */,
				FA4E98922229834600DFE911 /* LoginVC.swift */,
				FA4E98932229834600DFE911 /* LoginVC.xib */,
				00D13FBD2238987D009B77B7 /* FirstVC.swift */,
				00D13FBE2238987D009B77B7 /* FirstVC.xib */,
			);
			path = Login;
			sourceTree = "<group>";
		};
		FA4E9896222985CE00DFE911 /* Work */ = {
			isa = PBXGroup;
			children = (
				00AF5DA7227A9688004C8036 /* CreateWork */,
				00AF5D9F227A8919004C8036 /* Cell */,
				00AF5D9D227A858E004C8036 /* WorkPresenter.swift */,
				FA4E9897222985E100DFE911 /* WorkVC.swift */,
			);
			path = Work;
			sourceTree = "<group>";
		};
		FA4E989B2229861B00DFE911 /* MyPage */ = {
			isa = PBXGroup;
			children = (
				FABF40A32236962B000C2171 /* BackGroundImage */,
				FA3A166C2235279400CD7738 /* Font */,
				FAC85AF9222EC5C700A16665 /* MyPagePresenter.swift */,
				FA3A16812235444700CD7738 /* MyPageVC.swift */,
				FA3A167B2235444700CD7738 /* Cell */,
				FA3A16822235444800CD7738 /* FooterView */,
				FA3A167E2235444700CD7738 /* HeaderView */,
			);
			path = MyPage;
			sourceTree = "<group>";
		};
		FAA861812234C40800D8A3D4 /* RemoteNoti */ = {
			isa = PBXGroup;
			children = (
				FAA861822234C41C00D8A3D4 /* RemoteNoti.swift */,
			);
			path = RemoteNoti;
			sourceTree = "<group>";
		};
		FABF40A32236962B000C2171 /* BackGroundImage */ = {
			isa = PBXGroup;
			children = (
				FABF40CD2236A413000C2171 /* BackGroundImageVC.swift */,
				FABF40A62236978B000C2171 /* BackGroundImageCell */,
			);
			path = BackGroundImage;
			sourceTree = "<group>";
		};
		FABF40A62236978B000C2171 /* BackGroundImageCell */ = {
			isa = PBXGroup;
			children = (
				FABF40A7223697AB000C2171 /* BackGroundImageCell.swift */,
				FABF40A8223697AB000C2171 /* BackGroundImageCell.xib */,
			);
			path = BackGroundImageCell;
			sourceTree = "<group>";
		};
		FAF5CF10222C34F800E2CE34 /* SharedData */ = {
			isa = PBXGroup;
			children = (
				FAF5CF11222C34F800E2CE34 /* SharedData.swift */,
			);
			path = SharedData;
			sourceTree = "<group>";
		};
/* End PBXGroup section */

/* Begin PBXNativeTarget section */
		006D939921CCA4D100429237 /* Test */ = {
			isa = PBXNativeTarget;
			buildConfigurationList = 006D93AC21CCA4D300429237 /* Build configuration list for PBXNativeTarget "Test" */;
			buildPhases = (
				88E6A722391A3ED0513F3311 /* [CP] Check Pods Manifest.lock */,
				006D939621CCA4D100429237 /* Sources */,
				006D939721CCA4D100429237 /* Frameworks */,
				006D939821CCA4D100429237 /* Resources */,
				B26148F48ECE65C73C9EA6CA /* [CP] Embed Pods Frameworks */,
			);
			buildRules = (
			);
			dependencies = (
			);
			name = Test;
			productName = Test;
			productReference = 006D939A21CCA4D100429237 /* Test.app */;
			productType = "com.apple.product-type.application";
		};
/* End PBXNativeTarget section */

/* Begin PBXProject section */
		006D939221CCA4D100429237 /* Project object */ = {
			isa = PBXProject;
			attributes = {
				LastSwiftUpdateCheck = 1010;
				LastUpgradeCheck = 1010;
				ORGANIZATIONNAME = huongpv;
				TargetAttributes = {
					006D939921CCA4D100429237 = {
						CreatedOnToolsVersion = 10.1;
						SystemCapabilities = {
							com.apple.Push = {
								enabled = 1;
							};
						};
					};
				};
			};
			buildConfigurationList = 006D939521CCA4D100429237 /* Build configuration list for PBXProject "Test" */;
			compatibilityVersion = "Xcode 9.3";
			developmentRegion = en;
			hasScannedForEncodings = 0;
			knownRegions = (
				en,
				Base,
				vi,
				ja,
			);
			mainGroup = 006D939121CCA4D100429237;
			productRefGroup = 006D939B21CCA4D100429237 /* Products */;
			projectDirPath = "";
			projectRoot = "";
			targets = (
				006D939921CCA4D100429237 /* Test */,
			);
		};
/* End PBXProject section */

/* Begin PBXResourcesBuildPhase section */
		006D939821CCA4D100429237 /* Resources */ = {
			isa = PBXResourcesBuildPhase;
			buildActionMask = 2147483647;
			files = (
				FA43CDEA222A299E00542E94 /* CreateDiaryVC.xib in Resources */,
				FA4E98952229834600DFE911 /* LoginVC.xib in Resources */,
				006661CB2239073C00E8F6F3 /* ForgotPasswordVC.xib in Resources */,
				FA43CDF9222A43AA00542E94 /* TextPicker.xib in Resources */,
				FA3A16872235444800CD7738 /* HeaderView.xib in Resources */,
				006D93A821CCA4D300429237 /* LaunchScreen.storyboard in Resources */,
				FA43CDF8222A43AA00542E94 /* DateTimePicker.xib in Resources */,
				00AF5DAB227A9837004C8036 /* CreateWorkVC.xib in Resources */,
				00CF66AE2227E6C500C8FC27 /* Localizable.strings in Resources */,
				FABF40AA223697AB000C2171 /* BackGroundImageCell.xib in Resources */,
				FA3A167A2235380600CD7738 /* Sofia-Regular.otf in Resources */,
				FA3A16852235444800CD7738 /* MyPageCell.xib in Resources */,
				006661C62239006500E8F6F3 /* SignUpVC.xib in Resources */,
				FA3A1675223527F400CD7738 /* FontCell.xib in Resources */,
				006D93A521CCA4D300429237 /* Assets.xcassets in Resources */,
				FA3A1678223537FA00CD7738 /* Pacifico.ttf in Resources */,
				FA43CE04222ACEB900542E94 /* GoogleService-Info.plist in Resources */,
				00AF5DA2227A8927004C8036 /* WorkCell.xib in Resources */,
				00F3F15822269C180041D683 /* DiaryCell.xib in Resources */,
				FA3A168B2235444800CD7738 /* FooterView.xib in Resources */,
				00D13FC02238987D009B77B7 /* FirstVC.xib in Resources */,
			);
			runOnlyForDeploymentPostprocessing = 0;
		};
/* End PBXResourcesBuildPhase section */

/* Begin PBXShellScriptBuildPhase section */
		88E6A722391A3ED0513F3311 /* [CP] Check Pods Manifest.lock */ = {
			isa = PBXShellScriptBuildPhase;
			buildActionMask = 2147483647;
			files = (
			);
			inputPaths = (
				"${PODS_PODFILE_DIR_PATH}/Podfile.lock",
				"${PODS_ROOT}/Manifest.lock",
			);
			name = "[CP] Check Pods Manifest.lock";
			outputPaths = (
				"$(DERIVED_FILE_DIR)/Pods-Test-checkManifestLockResult.txt",
			);
			runOnlyForDeploymentPostprocessing = 0;
			shellPath = /bin/sh;
			shellScript = "diff \"${PODS_PODFILE_DIR_PATH}/Podfile.lock\" \"${PODS_ROOT}/Manifest.lock\" > /dev/null\nif [ $? != 0 ] ; then\n    # print error to STDERR\n    echo \"error: The sandbox is not in sync with the Podfile.lock. Run 'pod install' or update your CocoaPods installation.\" >&2\n    exit 1\nfi\n# This output is used by Xcode 'outputs' to avoid re-running this script phase.\necho \"SUCCESS\" > \"${SCRIPT_OUTPUT_FILE_0}\"\n";
			showEnvVarsInLog = 0;
		};
		B26148F48ECE65C73C9EA6CA /* [CP] Embed Pods Frameworks */ = {
			isa = PBXShellScriptBuildPhase;
			buildActionMask = 2147483647;
			files = (
			);
			inputFileListPaths = (
				"${PODS_ROOT}/Target Support Files/Pods-Test/Pods-Test-frameworks-${CONFIGURATION}-input-files.xcfilelist",
			);
			name = "[CP] Embed Pods Frameworks";
			outputFileListPaths = (
				"${PODS_ROOT}/Target Support Files/Pods-Test/Pods-Test-frameworks-${CONFIGURATION}-output-files.xcfilelist",
			);
			runOnlyForDeploymentPostprocessing = 0;
			shellPath = /bin/sh;
			shellScript = "\"${PODS_ROOT}/Target Support Files/Pods-Test/Pods-Test-frameworks.sh\"\n";
			showEnvVarsInLog = 0;
		};
/* End PBXShellScriptBuildPhase section */

/* Begin PBXSourcesBuildPhase section */
		006D939621CCA4D100429237 /* Sources */ = {
			isa = PBXSourcesBuildPhase;
			buildActionMask = 2147483647;
			files = (
				008FC68B222E7D8E006689FD /* SystemBoots.swift in Sources */,
				FA43CE02222A4F7C00542E94 /* CreateDiaryPresenter.swift in Sources */,
				00CF66A92227DF9100C8FC27 /* IndicatorViewer.swift in Sources */,
				FA3A16862235444800CD7738 /* MyPageCell.swift in Sources */,
				FABF40CF2236A413000C2171 /* BackGroundImageVC.swift in Sources */,
				006661C52239006500E8F6F3 /* SignUpVC.swift in Sources */,
				009311872239EE9E00E09A77 /* SignUpPresenter.swift in Sources */,
				FA43CDFE222A445E00542E94 /* RetryHandler.swift in Sources */,
				FAC85AFA222EC5C700A16665 /* MyPagePresenter.swift in Sources */,
				FA0B3DF922297B5D009CB984 /* UIViewController+Ex.swift in Sources */,
				008FC689222E1D36006689FD /* Snapshot+Ex.swift in Sources */,
				FA4E98942229834600DFE911 /* LoginVC.swift in Sources */,
				00E3B27F21D0755300563BD2 /* DiaryVC.swift in Sources */,
				FA0B3DF122297A4F009CB984 /* TabbarVC.swift in Sources */,
				FA43CDF7222A43AA00542E94 /* TextPicker.swift in Sources */,
				006661CA2239073C00E8F6F3 /* ForgotPasswordVC.swift in Sources */,
				FAF5CF12222C34F800E2CE34 /* SharedData.swift in Sources */,
				00CF669A2227C53D00C8FC27 /* Date+Extension.swift in Sources */,
				00F3F14A222676260041D683 /* UITableView+Extension.swift in Sources */,
				FA9B68292226D05500D9387C /* UINavigationBar+Extension.swift in Sources */,
				FA3A16892235444800CD7738 /* MyPageVC.swift in Sources */,
				FAF5CF14222C379600E2CE34 /* LoginPresneter.swift in Sources */,
				FAAFDF692234AE5200060256 /* NotificationService.swift in Sources */,
				009311832239E78200E09A77 /* Helper.swift in Sources */,
				009EEE992229072700D8FB8B /* DateFormat.swift in Sources */,
				FABF40AC2236987B000C2171 /* UICollectionView+Ex.swift in Sources */,
				FA4E9899222985E100DFE911 /* WorkVC.swift in Sources */,
				FAC85AFC222ECA6B00A16665 /* BaseProtocol.swift in Sources */,
				00AF5DA3227A8927004C8036 /* WorkCell.swift in Sources */,
				00AF5DAD227A9837004C8036 /* CreateWorkVC.swift in Sources */,
				FA905CAB222A15EC002A3FE9 /* Model.xcdatamodeld in Sources */,
				00AF5D9E227A858E004C8036 /* WorkPresenter.swift in Sources */,
				FA43CDF5222A43AA00542E94 /* PickerViewer.swift in Sources */,
				00F0D0E52228D21C007D7A23 /* Date+FacebookTimeAgo+Ex.swift in Sources */,
				00CF66A62227DAEE00C8FC27 /* DiaryPresenter.swift in Sources */,
				00CF669C2227C59D00C8FC27 /* String+Extension.swift in Sources */,
				FA3A16882235444800CD7738 /* HeaderView.swift in Sources */,
				00AF5DAC227A9837004C8036 /* CreateWorkPresenter.swift in Sources */,
				FA43CDFA222A43AA00542E94 /* DateTimePicker.swift in Sources */,
				FA9B68272226CF0300D9387C /* CAGradientLayer+Extension.swift in Sources */,
				FA43CDFF222A445E00542E94 /* AutoLayoutHelper.swift in Sources */,
				FAC85AFE222ECB2D00A16665 /* BaseVC.swift in Sources */,
				009311892239FA1D00E09A77 /* ForgotPasswordPresenter.swift in Sources */,
				FA3A1674223527F400CD7738 /* FontCell.swift in Sources */,
				FA43CDF6222A43AA00542E94 /* BasePicker.swift in Sources */,
				00F3F13A222670590041D683 /* GradientLayer.swift in Sources */,
				FA3A168A2235444800CD7738 /* FooterView.swift in Sources */,
				00F3F13C222670A70041D683 /* UIColor+Extension.swift in Sources */,
				FA905CAD222A17B9002A3FE9 /* CoreDataManager.swift in Sources */,
				00CF66982227912B00C8FC27 /* Diary.swift in Sources */,
				FA3A166F223527B700CD7738 /* FontVC.swift in Sources */,
				00F3F15722269C180041D683 /* DiaryCell.swift in Sources */,
				009311852239E8AE00E09A77 /* AlertKeys.swift in Sources */,
				FA0B3DF722297ADA009CB984 /* VCService.swift in Sources */,
				00F3F13622266FE00041D683 /* UIView+Extension.swift in Sources */,
				FAF5CF0F222BF29400E2CE34 /* UIAlertController+Extension.swift in Sources */,
				00CF66A42227DA2C00C8FC27 /* DiaryService.swift in Sources */,
				FA43CDE9222A299E00542E94 /* CreateDiaryVC.swift in Sources */,
				FABF40A9223697AB000C2171 /* BackGroundImageCell.swift in Sources */,
				00D13FBF2238987D009B77B7 /* FirstVC.swift in Sources */,
				006D939E21CCA4D100429237 /* AppDelegate.swift in Sources */,
				FAA861832234C41C00D8A3D4 /* RemoteNoti.swift in Sources */,
				00AF5DA6227A94B1004C8036 /* Work.swift in Sources */,
			);
			runOnlyForDeploymentPostprocessing = 0;
		};
/* End PBXSourcesBuildPhase section */

/* Begin PBXVariantGroup section */
		006D93A621CCA4D300429237 /* LaunchScreen.storyboard */ = {
			isa = PBXVariantGroup;
			children = (
				006D93A721CCA4D300429237 /* Base */,
				00CF66B12227E73A00C8FC27 /* vi */,
				00CF66B32227EA9800C8FC27 /* ja */,
			);
			name = LaunchScreen.storyboard;
			sourceTree = "<group>";
		};
		00CF66B02227E6C500C8FC27 /* Localizable.strings */ = {
			isa = PBXVariantGroup;
			children = (
				00CF66AF2227E6C500C8FC27 /* en */,
				00CF66B22227E73A00C8FC27 /* vi */,
				00CF66B42227EA9800C8FC27 /* ja */,
			);
			name = Localizable.strings;
			sourceTree = "<group>";
		};
/* End PBXVariantGroup section */

/* Begin XCBuildConfiguration section */
		006D93AA21CCA4D300429237 /* Debug */ = {
			isa = XCBuildConfiguration;
			buildSettings = {
				ALWAYS_SEARCH_USER_PATHS = NO;
				CLANG_ANALYZER_LOCALIZABILITY_NONLOCALIZED = YES;
				CLANG_ANALYZER_NONNULL = YES;
				CLANG_ANALYZER_NUMBER_OBJECT_CONVERSION = YES_AGGRESSIVE;
				CLANG_CXX_LANGUAGE_STANDARD = "gnu++14";
				CLANG_CXX_LIBRARY = "libc++";
				CLANG_ENABLE_MODULES = YES;
				CLANG_ENABLE_OBJC_ARC = YES;
				CLANG_ENABLE_OBJC_WEAK = YES;
				CLANG_WARN_BLOCK_CAPTURE_AUTORELEASING = YES;
				CLANG_WARN_BOOL_CONVERSION = YES;
				CLANG_WARN_COMMA = YES;
				CLANG_WARN_CONSTANT_CONVERSION = YES;
				CLANG_WARN_DEPRECATED_OBJC_IMPLEMENTATIONS = YES;
				CLANG_WARN_DIRECT_OBJC_ISA_USAGE = YES_ERROR;
				CLANG_WARN_DOCUMENTATION_COMMENTS = YES;
				CLANG_WARN_EMPTY_BODY = YES;
				CLANG_WARN_ENUM_CONVERSION = YES;
				CLANG_WARN_INFINITE_RECURSION = YES;
				CLANG_WARN_INT_CONVERSION = YES;
				CLANG_WARN_NON_LITERAL_NULL_CONVERSION = YES;
				CLANG_WARN_OBJC_IMPLICIT_RETAIN_SELF = YES;
				CLANG_WARN_OBJC_LITERAL_CONVERSION = YES;
				CLANG_WARN_OBJC_ROOT_CLASS = YES_ERROR;
				CLANG_WARN_RANGE_LOOP_ANALYSIS = YES;
				CLANG_WARN_STRICT_PROTOTYPES = YES;
				CLANG_WARN_SUSPICIOUS_MOVE = YES;
				CLANG_WARN_UNGUARDED_AVAILABILITY = YES_AGGRESSIVE;
				CLANG_WARN_UNREACHABLE_CODE = YES;
				CLANG_WARN__DUPLICATE_METHOD_MATCH = YES;
				CODE_SIGN_IDENTITY = "iPhone Developer";
				COPY_PHASE_STRIP = NO;
				DEBUG_INFORMATION_FORMAT = dwarf;
				ENABLE_STRICT_OBJC_MSGSEND = YES;
				ENABLE_TESTABILITY = YES;
				GCC_C_LANGUAGE_STANDARD = gnu11;
				GCC_DYNAMIC_NO_PIC = NO;
				GCC_NO_COMMON_BLOCKS = YES;
				GCC_OPTIMIZATION_LEVEL = 0;
				GCC_PREPROCESSOR_DEFINITIONS = (
					"DEBUG=1",
					"$(inherited)",
				);
				GCC_WARN_64_TO_32_BIT_CONVERSION = YES;
				GCC_WARN_ABOUT_RETURN_TYPE = YES_ERROR;
				GCC_WARN_UNDECLARED_SELECTOR = YES;
				GCC_WARN_UNINITIALIZED_AUTOS = YES_AGGRESSIVE;
				GCC_WARN_UNUSED_FUNCTION = YES;
				GCC_WARN_UNUSED_VARIABLE = YES;
				IPHONEOS_DEPLOYMENT_TARGET = 10.0;
				MTL_ENABLE_DEBUG_INFO = INCLUDE_SOURCE;
				MTL_FAST_MATH = YES;
				ONLY_ACTIVE_ARCH = YES;
				SDKROOT = iphoneos;
				SWIFT_ACTIVE_COMPILATION_CONDITIONS = DEBUG;
				SWIFT_OPTIMIZATION_LEVEL = "-Onone";
			};
			name = Debug;
		};
		006D93AB21CCA4D300429237 /* Release */ = {
			isa = XCBuildConfiguration;
			buildSettings = {
				ALWAYS_SEARCH_USER_PATHS = NO;
				CLANG_ANALYZER_LOCALIZABILITY_NONLOCALIZED = YES;
				CLANG_ANALYZER_NONNULL = YES;
				CLANG_ANALYZER_NUMBER_OBJECT_CONVERSION = YES_AGGRESSIVE;
				CLANG_CXX_LANGUAGE_STANDARD = "gnu++14";
				CLANG_CXX_LIBRARY = "libc++";
				CLANG_ENABLE_MODULES = YES;
				CLANG_ENABLE_OBJC_ARC = YES;
				CLANG_ENABLE_OBJC_WEAK = YES;
				CLANG_WARN_BLOCK_CAPTURE_AUTORELEASING = YES;
				CLANG_WARN_BOOL_CONVERSION = YES;
				CLANG_WARN_COMMA = YES;
				CLANG_WARN_CONSTANT_CONVERSION = YES;
				CLANG_WARN_DEPRECATED_OBJC_IMPLEMENTATIONS = YES;
				CLANG_WARN_DIRECT_OBJC_ISA_USAGE = YES_ERROR;
				CLANG_WARN_DOCUMENTATION_COMMENTS = YES;
				CLANG_WARN_EMPTY_BODY = YES;
				CLANG_WARN_ENUM_CONVERSION = YES;
				CLANG_WARN_INFINITE_RECURSION = YES;
				CLANG_WARN_INT_CONVERSION = YES;
				CLANG_WARN_NON_LITERAL_NULL_CONVERSION = YES;
				CLANG_WARN_OBJC_IMPLICIT_RETAIN_SELF = YES;
				CLANG_WARN_OBJC_LITERAL_CONVERSION = YES;
				CLANG_WARN_OBJC_ROOT_CLASS = YES_ERROR;
				CLANG_WARN_RANGE_LOOP_ANALYSIS = YES;
				CLANG_WARN_STRICT_PROTOTYPES = YES;
				CLANG_WARN_SUSPICIOUS_MOVE = YES;
				CLANG_WARN_UNGUARDED_AVAILABILITY = YES_AGGRESSIVE;
				CLANG_WARN_UNREACHABLE_CODE = YES;
				CLANG_WARN__DUPLICATE_METHOD_MATCH = YES;
				CODE_SIGN_IDENTITY = "iPhone Developer";
				COPY_PHASE_STRIP = NO;
				DEBUG_INFORMATION_FORMAT = "dwarf-with-dsym";
				ENABLE_NS_ASSERTIONS = NO;
				ENABLE_STRICT_OBJC_MSGSEND = YES;
				GCC_C_LANGUAGE_STANDARD = gnu11;
				GCC_NO_COMMON_BLOCKS = YES;
				GCC_WARN_64_TO_32_BIT_CONVERSION = YES;
				GCC_WARN_ABOUT_RETURN_TYPE = YES_ERROR;
				GCC_WARN_UNDECLARED_SELECTOR = YES;
				GCC_WARN_UNINITIALIZED_AUTOS = YES_AGGRESSIVE;
				GCC_WARN_UNUSED_FUNCTION = YES;
				GCC_WARN_UNUSED_VARIABLE = YES;
				IPHONEOS_DEPLOYMENT_TARGET = 10.0;
				MTL_ENABLE_DEBUG_INFO = NO;
				MTL_FAST_MATH = YES;
				SDKROOT = iphoneos;
				SWIFT_COMPILATION_MODE = wholemodule;
				SWIFT_OPTIMIZATION_LEVEL = "-O";
				VALIDATE_PRODUCT = YES;
			};
			name = Release;
		};
		006D93AD21CCA4D300429237 /* Debug */ = {
			isa = XCBuildConfiguration;
			baseConfigurationReference = 162772D5B393EFE26ACE40B2 /* Pods-Test.debug.xcconfig */;
			buildSettings = {
				ASSETCATALOG_COMPILER_APPICON_NAME = AppIcon;
				CODE_SIGN_ENTITLEMENTS = Test/Test.entitlements;
				CODE_SIGN_STYLE = Automatic;
				DEVELOPMENT_TEAM = YFP2J638B2;
				INFOPLIST_FILE = Test/Info.plist;
				LD_RUNPATH_SEARCH_PATHS = (
					"$(inherited)",
					"@executable_path/Frameworks",
				);
				PRODUCT_BUNDLE_IDENTIFIER = com.naka.diary;
				PRODUCT_NAME = "$(TARGET_NAME)";
				SWIFT_VERSION = 4.2;
				TARGETED_DEVICE_FAMILY = "1,2";
			};
			name = Debug;
		};
		006D93AE21CCA4D300429237 /* Release */ = {
			isa = XCBuildConfiguration;
			baseConfigurationReference = FC91E1A3C4C94C8B0A4CC5CC /* Pods-Test.release.xcconfig */;
			buildSettings = {
				ASSETCATALOG_COMPILER_APPICON_NAME = AppIcon;
				CODE_SIGN_ENTITLEMENTS = Test/Test.entitlements;
				CODE_SIGN_STYLE = Automatic;
				DEVELOPMENT_TEAM = YFP2J638B2;
				INFOPLIST_FILE = Test/Info.plist;
				LD_RUNPATH_SEARCH_PATHS = (
					"$(inherited)",
					"@executable_path/Frameworks",
				);
				PRODUCT_BUNDLE_IDENTIFIER = com.naka.diary;
				PRODUCT_NAME = "$(TARGET_NAME)";
				SWIFT_VERSION = 4.2;
				TARGETED_DEVICE_FAMILY = "1,2";
			};
			name = Release;
		};
/* End XCBuildConfiguration section */

/* Begin XCConfigurationList section */
		006D939521CCA4D100429237 /* Build configuration list for PBXProject "Test" */ = {
			isa = XCConfigurationList;
			buildConfigurations = (
				006D93AA21CCA4D300429237 /* Debug */,
				006D93AB21CCA4D300429237 /* Release */,
			);
			defaultConfigurationIsVisible = 0;
			defaultConfigurationName = Release;
		};
		006D93AC21CCA4D300429237 /* Build configuration list for PBXNativeTarget "Test" */ = {
			isa = XCConfigurationList;
			buildConfigurations = (
				006D93AD21CCA4D300429237 /* Debug */,
				006D93AE21CCA4D300429237 /* Release */,
			);
			defaultConfigurationIsVisible = 0;
			defaultConfigurationName = Release;
		};
/* End XCConfigurationList section */

/* Begin XCVersionGroup section */
		FA905CA9222A15EC002A3FE9 /* Model.xcdatamodeld */ = {
			isa = XCVersionGroup;
			children = (
				FA905CAA222A15EC002A3FE9 /* Model.xcdatamodel */,
			);
			currentVersion = FA905CAA222A15EC002A3FE9 /* Model.xcdatamodel */;
			path = Model.xcdatamodeld;
			sourceTree = "<group>";
			versionGroupType = wrapper.xcdatamodel;
		};
/* End XCVersionGroup section */
	};
	rootObject = 006D939221CCA4D100429237 /* Project object */;
}
